
Microsoft Visual Studio Solution File, Format Version 12.00
# Visual Studio Version 17
VisualStudioVersion = 17.10.34928.147
MinimumVisualStudioVersion = 10.0.40219.1
Project("{FAE04EC0-301F-11D3-BF4B-00C04F79EFBC}") = "List", "List.csproj", "{23C1B0CB-E6AF-4B88-B59B-CF2A1ACE8E4F}"
EndProject
Project("{FAE04EC0-301F-11D3-BF4B-00C04F79EFBC}") = "List_With_Linq", "..\List_With_Linq\List_With_Linq.csproj", "{BBE09C39-FDCD-4FF7-859F-EFFE0909F454}"
EndProject
Project("{FAE04EC0-301F-11D3-BF4B-00C04F79EFBC}") = "List_With_CustomObject", "..\List_With_CustomObject\List_With_CustomObject.csproj", "{7A44B2B9-B5FD-4134-A9AA-8D51BA88FEB1}"
EndProject
Project("{FAE04EC0-301F-11D3-BF4B-00C04F79EFBC}") = "HashTable", "..\HashTable\HashTable.csproj", "{30C97ADE-A2BB-4FC2-9106-AA57CBAF9BD4}"
EndProject
Project("{FAE04EC0-301F-11D3-BF4B-00C04F79EFBC}") = "Dictionary", "..\Dictionary\Dictionary.csproj", "{E2E788F9-AE29-4C2A-B8E5-F0601CCB1459}"
EndProject
Project("{FAE04EC0-301F-11D3-BF4B-00C04F79EFBC}") = "Dictionary_With_Linq", "..\Dictionary_With_Linq\Dictionary_With_Linq.csproj", "{9AE461BB-74DA-43FF-B685-68CBDB34737D}"
EndProject
Project("{FAE04EC0-301F-11D3-BF4B-00C04F79EFBC}") = "HashSet", "..\HashSet\HashSet.csproj", "{5CC49A40-D91F-4770-B0C5-87BAD2E3E14C}"
EndProject
Project("{FAE04EC0-301F-11D3-BF4B-00C04F79EFBC}") = "HashSet_With_Linq", "..\HashSet_With_Linq\HashSet_With_Linq.csproj", "{770CEF93-1200-402D-9F75-6F9D1534D70A}"
EndProject
Project("{FAE04EC0-301F-11D3-BF4B-00C04F79EFBC}") = "TwoHashSetsUnion", "..\TwoHashSetsUnion\TwoHashSetsUnion.csproj", "{83655296-526A-4A51-A9DC-903684F8BE62}"
EndProject
Project("{FAE04EC0-301F-11D3-BF4B-00C04F79EFBC}") = "Hashsets_Intersection", "..\Hashsets_Intersection\Hashsets_Intersection.csproj", "{00E47433-5F27-402B-B712-C8303FCF09BA}"
EndProject
Project("{FAE04EC0-301F-11D3-BF4B-00C04F79EFBC}") = "Hashset_Difference_Operation", "..\Hashset_Difference_Operation\Hashset_Difference_Operation.csproj", "{08DE0D67-9B3D-44AF-9D2C-165540093C02}"
EndProject
Project("{FAE04EC0-301F-11D3-BF4B-00C04F79EFBC}") = "Hashsets_Symantic_Difference_Operation", "..\Hashsets_Symantic_Difference_Operation\Hashsets_Symantic_Difference_Operation.csproj", "{BCCF49FB-6B94-4707-8F3D-86B0F9346809}"
EndProject
Project("{FAE04EC0-301F-11D3-BF4B-00C04F79EFBC}") = "Hashsets_Overlaps_Operation", "..\Hashsets_Overlaps_Operation\Hashsets_Overlaps_Operation.csproj", "{E0CA451E-3CCD-4E68-9DF4-D5FE6C3B4194}"
EndProject
Project("{FAE04EC0-301F-11D3-BF4B-00C04F79EFBC}") = "Hashsets_Equals_Operation", "..\Hashsets_Equals_Operation\Hashsets_Equals_Operation.csproj", "{3687175E-02BA-4776-A26C-89D3E3AD2F23}"
EndProject
Global
	GlobalSection(SolutionConfigurationPlatforms) = preSolution
		Debug|Any CPU = Debug|Any CPU
		Debug|x64 = Debug|x64
		Debug|x86 = Debug|x86
		Release|Any CPU = Release|Any CPU
		Release|x64 = Release|x64
		Release|x86 = Release|x86
	EndGlobalSection
	GlobalSection(ProjectConfigurationPlatforms) = postSolution
		{23C1B0CB-E6AF-4B88-B59B-CF2A1ACE8E4F}.Debug|Any CPU.ActiveCfg = Debug|Any CPU
		{23C1B0CB-E6AF-4B88-B59B-CF2A1ACE8E4F}.Debug|Any CPU.Build.0 = Debug|Any CPU
		{23C1B0CB-E6AF-4B88-B59B-CF2A1ACE8E4F}.Debug|x64.ActiveCfg = Debug|Any CPU
		{23C1B0CB-E6AF-4B88-B59B-CF2A1ACE8E4F}.Debug|x64.Build.0 = Debug|Any CPU
		{23C1B0CB-E6AF-4B88-B59B-CF2A1ACE8E4F}.Debug|x86.ActiveCfg = Debug|Any CPU
		{23C1B0CB-E6AF-4B88-B59B-CF2A1ACE8E4F}.Debug|x86.Build.0 = Debug|Any CPU
		{23C1B0CB-E6AF-4B88-B59B-CF2A1ACE8E4F}.Release|Any CPU.ActiveCfg = Release|Any CPU
		{23C1B0CB-E6AF-4B88-B59B-CF2A1ACE8E4F}.Release|Any CPU.Build.0 = Release|Any CPU
		{23C1B0CB-E6AF-4B88-B59B-CF2A1ACE8E4F}.Release|x64.ActiveCfg = Release|Any CPU
		{23C1B0CB-E6AF-4B88-B59B-CF2A1ACE8E4F}.Release|x64.Build.0 = Release|Any CPU
		{23C1B0CB-E6AF-4B88-B59B-CF2A1ACE8E4F}.Release|x86.ActiveCfg = Release|Any CPU
		{23C1B0CB-E6AF-4B88-B59B-CF2A1ACE8E4F}.Release|x86.Build.0 = Release|Any CPU
		{BBE09C39-FDCD-4FF7-859F-EFFE0909F454}.Debug|Any CPU.ActiveCfg = Debug|Any CPU
		{BBE09C39-FDCD-4FF7-859F-EFFE0909F454}.Debug|Any CPU.Build.0 = Debug|Any CPU
		{BBE09C39-FDCD-4FF7-859F-EFFE0909F454}.Debug|x64.ActiveCfg = Debug|Any CPU
		{BBE09C39-FDCD-4FF7-859F-EFFE0909F454}.Debug|x64.Build.0 = Debug|Any CPU
		{BBE09C39-FDCD-4FF7-859F-EFFE0909F454}.Debug|x86.ActiveCfg = Debug|Any CPU
		{BBE09C39-FDCD-4FF7-859F-EFFE0909F454}.Debug|x86.Build.0 = Debug|Any CPU
		{BBE09C39-FDCD-4FF7-859F-EFFE0909F454}.Release|Any CPU.ActiveCfg = Release|Any CPU
		{BBE09C39-FDCD-4FF7-859F-EFFE0909F454}.Release|Any CPU.Build.0 = Release|Any CPU
		{BBE09C39-FDCD-4FF7-859F-EFFE0909F454}.Release|x64.ActiveCfg = Release|Any CPU
		{BBE09C39-FDCD-4FF7-859F-EFFE0909F454}.Release|x64.Build.0 = Release|Any CPU
		{BBE09C39-FDCD-4FF7-859F-EFFE0909F454}.Release|x86.ActiveCfg = Release|Any CPU
		{BBE09C39-FDCD-4FF7-859F-EFFE0909F454}.Release|x86.Build.0 = Release|Any CPU
		{7A44B2B9-B5FD-4134-A9AA-8D51BA88FEB1}.Debug|Any CPU.ActiveCfg = Debug|Any CPU
		{7A44B2B9-B5FD-4134-A9AA-8D51BA88FEB1}.Debug|Any CPU.Build.0 = Debug|Any CPU
		{7A44B2B9-B5FD-4134-A9AA-8D51BA88FEB1}.Debug|x64.ActiveCfg = Debug|Any CPU
		{7A44B2B9-B5FD-4134-A9AA-8D51BA88FEB1}.Debug|x64.Build.0 = Debug|Any CPU
		{7A44B2B9-B5FD-4134-A9AA-8D51BA88FEB1}.Debug|x86.ActiveCfg = Debug|Any CPU
		{7A44B2B9-B5FD-4134-A9AA-8D51BA88FEB1}.Debug|x86.Build.0 = Debug|Any CPU
		{7A44B2B9-B5FD-4134-A9AA-8D51BA88FEB1}.Release|Any CPU.ActiveCfg = Release|Any CPU
		{7A44B2B9-B5FD-4134-A9AA-8D51BA88FEB1}.Release|Any CPU.Build.0 = Release|Any CPU
		{7A44B2B9-B5FD-4134-A9AA-8D51BA88FEB1}.Release|x64.ActiveCfg = Release|Any CPU
		{7A44B2B9-B5FD-4134-A9AA-8D51BA88FEB1}.Release|x64.Build.0 = Release|Any CPU
		{7A44B2B9-B5FD-4134-A9AA-8D51BA88FEB1}.Release|x86.ActiveCfg = Release|Any CPU
		{7A44B2B9-B5FD-4134-A9AA-8D51BA88FEB1}.Release|x86.Build.0 = Release|Any CPU
		{30C97ADE-A2BB-4FC2-9106-AA57CBAF9BD4}.Debug|Any CPU.ActiveCfg = Debug|Any CPU
		{30C97ADE-A2BB-4FC2-9106-AA57CBAF9BD4}.Debug|Any CPU.Build.0 = Debug|Any CPU
		{30C97ADE-A2BB-4FC2-9106-AA57CBAF9BD4}.Debug|x64.ActiveCfg = Debug|Any CPU
		{30C97ADE-A2BB-4FC2-9106-AA57CBAF9BD4}.Debug|x64.Build.0 = Debug|Any CPU
		{30C97ADE-A2BB-4FC2-9106-AA57CBAF9BD4}.Debug|x86.ActiveCfg = Debug|Any CPU
		{30C97ADE-A2BB-4FC2-9106-AA57CBAF9BD4}.Debug|x86.Build.0 = Debug|Any CPU
		{30C97ADE-A2BB-4FC2-9106-AA57CBAF9BD4}.Release|Any CPU.ActiveCfg = Release|Any CPU
		{30C97ADE-A2BB-4FC2-9106-AA57CBAF9BD4}.Release|Any CPU.Build.0 = Release|Any CPU
		{30C97ADE-A2BB-4FC2-9106-AA57CBAF9BD4}.Release|x64.ActiveCfg = Release|Any CPU
		{30C97ADE-A2BB-4FC2-9106-AA57CBAF9BD4}.Release|x64.Build.0 = Release|Any CPU
		{30C97ADE-A2BB-4FC2-9106-AA57CBAF9BD4}.Release|x86.ActiveCfg = Release|Any CPU
		{30C97ADE-A2BB-4FC2-9106-AA57CBAF9BD4}.Release|x86.Build.0 = Release|Any CPU
		{E2E788F9-AE29-4C2A-B8E5-F0601CCB1459}.Debug|Any CPU.ActiveCfg = Debug|Any CPU
		{E2E788F9-AE29-4C2A-B8E5-F0601CCB1459}.Debug|Any CPU.Build.0 = Debug|Any CPU
		{E2E788F9-AE29-4C2A-B8E5-F0601CCB1459}.Debug|x64.ActiveCfg = Debug|Any CPU
		{E2E788F9-AE29-4C2A-B8E5-F0601CCB1459}.Debug|x64.Build.0 = Debug|Any CPU
		{E2E788F9-AE29-4C2A-B8E5-F0601CCB1459}.Debug|x86.ActiveCfg = Debug|Any CPU
		{E2E788F9-AE29-4C2A-B8E5-F0601CCB1459}.Debug|x86.Build.0 = Debug|Any CPU
		{E2E788F9-AE29-4C2A-B8E5-F0601CCB1459}.Release|Any CPU.ActiveCfg = Release|Any CPU
		{E2E788F9-AE29-4C2A-B8E5-F0601CCB1459}.Release|Any CPU.Build.0 = Release|Any CPU
		{E2E788F9-AE29-4C2A-B8E5-F0601CCB1459}.Release|x64.ActiveCfg = Release|Any CPU
		{E2E788F9-AE29-4C2A-B8E5-F0601CCB1459}.Release|x64.Build.0 = Release|Any CPU
		{E2E788F9-AE29-4C2A-B8E5-F0601CCB1459}.Release|x86.ActiveCfg = Release|Any CPU
		{E2E788F9-AE29-4C2A-B8E5-F0601CCB1459}.Release|x86.Build.0 = Release|Any CPU
		{9AE461BB-74DA-43FF-B685-68CBDB34737D}.Debug|Any CPU.ActiveCfg = Debug|Any CPU
		{9AE461BB-74DA-43FF-B685-68CBDB34737D}.Debug|Any CPU.Build.0 = Debug|Any CPU
		{9AE461BB-74DA-43FF-B685-68CBDB34737D}.Debug|x64.ActiveCfg = Debug|Any CPU
		{9AE461BB-74DA-43FF-B685-68CBDB34737D}.Debug|x64.Build.0 = Debug|Any CPU
		{9AE461BB-74DA-43FF-B685-68CBDB34737D}.Debug|x86.ActiveCfg = Debug|Any CPU
		{9AE461BB-74DA-43FF-B685-68CBDB34737D}.Debug|x86.Build.0 = Debug|Any CPU
		{9AE461BB-74DA-43FF-B685-68CBDB34737D}.Release|Any CPU.ActiveCfg = Release|Any CPU
		{9AE461BB-74DA-43FF-B685-68CBDB34737D}.Release|Any CPU.Build.0 = Release|Any CPU
		{9AE461BB-74DA-43FF-B685-68CBDB34737D}.Release|x64.ActiveCfg = Release|Any CPU
		{9AE461BB-74DA-43FF-B685-68CBDB34737D}.Release|x64.Build.0 = Release|Any CPU
		{9AE461BB-74DA-43FF-B685-68CBDB34737D}.Release|x86.ActiveCfg = Release|Any CPU
		{9AE461BB-74DA-43FF-B685-68CBDB34737D}.Release|x86.Build.0 = Release|Any CPU
		{5CC49A40-D91F-4770-B0C5-87BAD2E3E14C}.Debug|Any CPU.ActiveCfg = Debug|Any CPU
		{5CC49A40-D91F-4770-B0C5-87BAD2E3E14C}.Debug|Any CPU.Build.0 = Debug|Any CPU
		{5CC49A40-D91F-4770-B0C5-87BAD2E3E14C}.Debug|x64.ActiveCfg = Debug|Any CPU
		{5CC49A40-D91F-4770-B0C5-87BAD2E3E14C}.Debug|x64.Build.0 = Debug|Any CPU
		{5CC49A40-D91F-4770-B0C5-87BAD2E3E14C}.Debug|x86.ActiveCfg = Debug|Any CPU
		{5CC49A40-D91F-4770-B0C5-87BAD2E3E14C}.Debug|x86.Build.0 = Debug|Any CPU
		{5CC49A40-D91F-4770-B0C5-87BAD2E3E14C}.Release|Any CPU.ActiveCfg = Release|Any CPU
		{5CC49A40-D91F-4770-B0C5-87BAD2E3E14C}.Release|Any CPU.Build.0 = Release|Any CPU
		{5CC49A40-D91F-4770-B0C5-87BAD2E3E14C}.Release|x64.ActiveCfg = Release|Any CPU
		{5CC49A40-D91F-4770-B0C5-87BAD2E3E14C}.Release|x64.Build.0 = Release|Any CPU
		{5CC49A40-D91F-4770-B0C5-87BAD2E3E14C}.Release|x86.ActiveCfg = Release|Any CPU
		{5CC49A40-D91F-4770-B0C5-87BAD2E3E14C}.Release|x86.Build.0 = Release|Any CPU
		{770CEF93-1200-402D-9F75-6F9D1534D70A}.Debug|Any CPU.ActiveCfg = Debug|Any CPU
		{770CEF93-1200-402D-9F75-6F9D1534D70A}.Debug|Any CPU.Build.0 = Debug|Any CPU
		{770CEF93-1200-402D-9F75-6F9D1534D70A}.Debug|x64.ActiveCfg = Debug|Any CPU
		{770CEF93-1200-402D-9F75-6F9D1534D70A}.Debug|x64.Build.0 = Debug|Any CPU
		{770CEF93-1200-402D-9F75-6F9D1534D70A}.Debug|x86.ActiveCfg = Debug|Any CPU
		{770CEF93-1200-402D-9F75-6F9D1534D70A}.Debug|x86.Build.0 = Debug|Any CPU
		{770CEF93-1200-402D-9F75-6F9D1534D70A}.Release|Any CPU.ActiveCfg = Release|Any CPU
		{770CEF93-1200-402D-9F75-6F9D1534D70A}.Release|Any CPU.Build.0 = Release|Any CPU
		{770CEF93-1200-402D-9F75-6F9D1534D70A}.Release|x64.ActiveCfg = Release|Any CPU
		{770CEF93-1200-402D-9F75-6F9D1534D70A}.Release|x64.Build.0 = Release|Any CPU
		{770CEF93-1200-402D-9F75-6F9D1534D70A}.Release|x86.ActiveCfg = Release|Any CPU
		{770CEF93-1200-402D-9F75-6F9D1534D70A}.Release|x86.Build.0 = Release|Any CPU
		{83655296-526A-4A51-A9DC-903684F8BE62}.Debug|Any CPU.ActiveCfg = Debug|Any CPU
		{83655296-526A-4A51-A9DC-903684F8BE62}.Debug|Any CPU.Build.0 = Debug|Any CPU
		{83655296-526A-4A51-A9DC-903684F8BE62}.Debug|x64.ActiveCfg = Debug|Any CPU
		{83655296-526A-4A51-A9DC-903684F8BE62}.Debug|x64.Build.0 = Debug|Any CPU
		{83655296-526A-4A51-A9DC-903684F8BE62}.Debug|x86.ActiveCfg = Debug|Any CPU
		{83655296-526A-4A51-A9DC-903684F8BE62}.Debug|x86.Build.0 = Debug|Any CPU
		{83655296-526A-4A51-A9DC-903684F8BE62}.Release|Any CPU.ActiveCfg = Release|Any CPU
		{83655296-526A-4A51-A9DC-903684F8BE62}.Release|Any CPU.Build.0 = Release|Any CPU
		{83655296-526A-4A51-A9DC-903684F8BE62}.Release|x64.ActiveCfg = Release|Any CPU
		{83655296-526A-4A51-A9DC-903684F8BE62}.Release|x64.Build.0 = Release|Any CPU
		{83655296-526A-4A51-A9DC-903684F8BE62}.Release|x86.ActiveCfg = Release|Any CPU
		{83655296-526A-4A51-A9DC-903684F8BE62}.Release|x86.Build.0 = Release|Any CPU
		{00E47433-5F27-402B-B712-C8303FCF09BA}.Debug|Any CPU.ActiveCfg = Debug|Any CPU
		{00E47433-5F27-402B-B712-C8303FCF09BA}.Debug|Any CPU.Build.0 = Debug|Any CPU
		{00E47433-5F27-402B-B712-C8303FCF09BA}.Debug|x64.ActiveCfg = Debug|Any CPU
		{00E47433-5F27-402B-B712-C8303FCF09BA}.Debug|x64.Build.0 = Debug|Any CPU
		{00E47433-5F27-402B-B712-C8303FCF09BA}.Debug|x86.ActiveCfg = Debug|Any CPU
		{00E47433-5F27-402B-B712-C8303FCF09BA}.Debug|x86.Build.0 = Debug|Any CPU
		{00E47433-5F27-402B-B712-C8303FCF09BA}.Release|Any CPU.ActiveCfg = Release|Any CPU
		{00E47433-5F27-402B-B712-C8303FCF09BA}.Release|Any CPU.Build.0 = Release|Any CPU
		{00E47433-5F27-402B-B712-C8303FCF09BA}.Release|x64.ActiveCfg = Release|Any CPU
		{00E47433-5F27-402B-B712-C8303FCF09BA}.Release|x64.Build.0 = Release|Any CPU
		{00E47433-5F27-402B-B712-C8303FCF09BA}.Release|x86.ActiveCfg = Release|Any CPU
		{00E47433-5F27-402B-B712-C8303FCF09BA}.Release|x86.Build.0 = Release|Any CPU
		{08DE0D67-9B3D-44AF-9D2C-165540093C02}.Debug|Any CPU.ActiveCfg = Debug|Any CPU
		{08DE0D67-9B3D-44AF-9D2C-165540093C02}.Debug|Any CPU.Build.0 = Debug|Any CPU
		{08DE0D67-9B3D-44AF-9D2C-165540093C02}.Debug|x64.ActiveCfg = Debug|Any CPU
		{08DE0D67-9B3D-44AF-9D2C-165540093C02}.Debug|x64.Build.0 = Debug|Any CPU
		{08DE0D67-9B3D-44AF-9D2C-165540093C02}.Debug|x86.ActiveCfg = Debug|Any CPU
		{08DE0D67-9B3D-44AF-9D2C-165540093C02}.Debug|x86.Build.0 = Debug|Any CPU
		{08DE0D67-9B3D-44AF-9D2C-165540093C02}.Release|Any CPU.ActiveCfg = Release|Any CPU
		{08DE0D67-9B3D-44AF-9D2C-165540093C02}.Release|Any CPU.Build.0 = Release|Any CPU
		{08DE0D67-9B3D-44AF-9D2C-165540093C02}.Release|x64.ActiveCfg = Release|Any CPU
		{08DE0D67-9B3D-44AF-9D2C-165540093C02}.Release|x64.Build.0 = Release|Any CPU
		{08DE0D67-9B3D-44AF-9D2C-165540093C02}.Release|x86.ActiveCfg = Release|Any CPU
		{08DE0D67-9B3D-44AF-9D2C-165540093C02}.Release|x86.Build.0 = Release|Any CPU
		{BCCF49FB-6B94-4707-8F3D-86B0F9346809}.Debug|Any CPU.ActiveCfg = Debug|Any CPU
		{BCCF49FB-6B94-4707-8F3D-86B0F9346809}.Debug|Any CPU.Build.0 = Debug|Any CPU
		{BCCF49FB-6B94-4707-8F3D-86B0F9346809}.Debug|x64.ActiveCfg = Debug|Any CPU
		{BCCF49FB-6B94-4707-8F3D-86B0F9346809}.Debug|x64.Build.0 = Debug|Any CPU
		{BCCF49FB-6B94-4707-8F3D-86B0F9346809}.Debug|x86.ActiveCfg = Debug|Any CPU
		{BCCF49FB-6B94-4707-8F3D-86B0F9346809}.Debug|x86.Build.0 = Debug|Any CPU
		{BCCF49FB-6B94-4707-8F3D-86B0F9346809}.Release|Any CPU.ActiveCfg = Release|Any CPU
		{BCCF49FB-6B94-4707-8F3D-86B0F9346809}.Release|Any CPU.Build.0 = Release|Any CPU
		{BCCF49FB-6B94-4707-8F3D-86B0F9346809}.Release|x64.ActiveCfg = Release|Any CPU
		{BCCF49FB-6B94-4707-8F3D-86B0F9346809}.Release|x64.Build.0 = Release|Any CPU
		{BCCF49FB-6B94-4707-8F3D-86B0F9346809}.Release|x86.ActiveCfg = Release|Any CPU
		{BCCF49FB-6B94-4707-8F3D-86B0F9346809}.Release|x86.Build.0 = Release|Any CPU
		{E0CA451E-3CCD-4E68-9DF4-D5FE6C3B4194}.Debug|Any CPU.ActiveCfg = Debug|Any CPU
		{E0CA451E-3CCD-4E68-9DF4-D5FE6C3B4194}.Debug|Any CPU.Build.0 = Debug|Any CPU
		{E0CA451E-3CCD-4E68-9DF4-D5FE6C3B4194}.Debug|x64.ActiveCfg = Debug|Any CPU
		{E0CA451E-3CCD-4E68-9DF4-D5FE6C3B4194}.Debug|x64.Build.0 = Debug|Any CPU
		{E0CA451E-3CCD-4E68-9DF4-D5FE6C3B4194}.Debug|x86.ActiveCfg = Debug|Any CPU
		{E0CA451E-3CCD-4E68-9DF4-D5FE6C3B4194}.Debug|x86.Build.0 = Debug|Any CPU
		{E0CA451E-3CCD-4E68-9DF4-D5FE6C3B4194}.Release|Any CPU.ActiveCfg = Release|Any CPU
		{E0CA451E-3CCD-4E68-9DF4-D5FE6C3B4194}.Release|Any CPU.Build.0 = Release|Any CPU
		{E0CA451E-3CCD-4E68-9DF4-D5FE6C3B4194}.Release|x64.ActiveCfg = Release|Any CPU
		{E0CA451E-3CCD-4E68-9DF4-D5FE6C3B4194}.Release|x64.Build.0 = Release|Any CPU
		{E0CA451E-3CCD-4E68-9DF4-D5FE6C3B4194}.Release|x86.ActiveCfg = Release|Any CPU
		{E0CA451E-3CCD-4E68-9DF4-D5FE6C3B4194}.Release|x86.Build.0 = Release|Any CPU
		{3687175E-02BA-4776-A26C-89D3E3AD2F23}.Debug|Any CPU.ActiveCfg = Debug|Any CPU
		{3687175E-02BA-4776-A26C-89D3E3AD2F23}.Debug|Any CPU.Build.0 = Debug|Any CPU
		{3687175E-02BA-4776-A26C-89D3E3AD2F23}.Debug|x64.ActiveCfg = Debug|Any CPU
		{3687175E-02BA-4776-A26C-89D3E3AD2F23}.Debug|x64.Build.0 = Debug|Any CPU
		{3687175E-02BA-4776-A26C-89D3E3AD2F23}.Debug|x86.ActiveCfg = Debug|Any CPU
		{3687175E-02BA-4776-A26C-89D3E3AD2F23}.Debug|x86.Build.0 = Debug|Any CPU
		{3687175E-02BA-4776-A26C-89D3E3AD2F23}.Release|Any CPU.ActiveCfg = Release|Any CPU
		{3687175E-02BA-4776-A26C-89D3E3AD2F23}.Release|Any CPU.Build.0 = Release|Any CPU
		{3687175E-02BA-4776-A26C-89D3E3AD2F23}.Release|x64.ActiveCfg = Release|Any CPU
		{3687175E-02BA-4776-A26C-89D3E3AD2F23}.Release|x64.Build.0 = Release|Any CPU
		{3687175E-02BA-4776-A26C-89D3E3AD2F23}.Release|x86.ActiveCfg = Release|Any CPU
		{3687175E-02BA-4776-A26C-89D3E3AD2F23}.Release|x86.Build.0 = Release|Any CPU
	EndGlobalSection
	GlobalSection(SolutionProperties) = preSolution
		HideSolutionNode = FALSE
	EndGlobalSection
	GlobalSection(ExtensibilityGlobals) = postSolution
		SolutionGuid = {A3C9FB57-DBA5-42B6-8D88-9ECFF329213D}
	EndGlobalSection
EndGlobal
