
Microsoft Visual Studio Solution File, Format Version 12.00
# Visual Studio Version 17
VisualStudioVersion = 17.10.34928.147
MinimumVisualStudioVersion = 10.0.40219.1
Project("{FAE04EC0-301F-11D3-BF4B-00C04F79EFBC}") = "List", "List.csproj", "{23C1B0CB-E6AF-4B88-B59B-CF2A1ACE8E4F}"
EndProject
Project("{FAE04EC0-301F-11D3-BF4B-00C04F79EFBC}") = "List_With_Linq", "..\List_With_Linq\List_With_Linq.csproj", "{BBE09C39-FDCD-4FF7-859F-EFFE0909F454}"
EndProject
Project("{FAE04EC0-301F-11D3-BF4B-00C04F79EFBC}") = "List_With_CustomObject", "..\List_With_CustomObject\List_With_CustomObject.csproj", "{7A44B2B9-B5FD-4134-A9AA-8D51BA88FEB1}"
EndProject
Project("{FAE04EC0-301F-11D3-BF4B-00C04F79EFBC}") = "HashTable", "..\HashTable\HashTable.csproj", "{30C97ADE-A2BB-4FC2-9106-AA57CBAF9BD4}"
EndProject
Project("{FAE04EC0-301F-11D3-BF4B-00C04F79EFBC}") = "Dictionary", "..\Dictionary\Dictionary.csproj", "{E2E788F9-AE29-4C2A-B8E5-F0601CCB1459}"
EndProject
Project("{FAE04EC0-301F-11D3-BF4B-00C04F79EFBC}") = "Dictionary_With_Linq", "..\Dictionary_With_Linq\Dictionary_With_Linq.csproj", "{9AE461BB-74DA-43FF-B685-68CBDB34737D}"
EndProject
Project("{FAE04EC0-301F-11D3-BF4B-00C04F79EFBC}") = "HashSet", "..\HashSet\HashSet.csproj", "{5CC49A40-D91F-4770-B0C5-87BAD2E3E14C}"
EndProject
Project("{FAE04EC0-301F-11D3-BF4B-00C04F79EFBC}") = "HashSet_With_Linq", "..\HashSet_With_Linq\HashSet_With_Linq.csproj", "{770CEF93-1200-402D-9F75-6F9D1534D70A}"
EndProject
Project("{FAE04EC0-301F-11D3-BF4B-00C04F79EFBC}") = "TwoHashSetsUnion", "..\TwoHashSetsUnion\TwoHashSetsUnion.csproj", "{83655296-526A-4A51-A9DC-903684F8BE62}"
EndProject
Project("{FAE04EC0-301F-11D3-BF4B-00C04F79EFBC}") = "Hashsets_Intersection", "..\Hashsets_Intersection\Hashsets_Intersection.csproj", "{00E47433-5F27-402B-B712-C8303FCF09BA}"
EndProject
Project("{FAE04EC0-301F-11D3-BF4B-00C04F79EFBC}") = "Hashset_Difference_Operation", "..\Hashset_Difference_Operation\Hashset_Difference_Operation.csproj", "{08DE0D67-9B3D-44AF-9D2C-165540093C02}"
EndProject
Project("{FAE04EC0-301F-11D3-BF4B-00C04F79EFBC}") = "Hashsets_Symantic_Difference_Operation", "..\Hashsets_Symantic_Difference_Operation\Hashsets_Symantic_Difference_Operation.csproj", "{BCCF49FB-6B94-4707-8F3D-86B0F9346809}"
EndProject
Project("{FAE04EC0-301F-11D3-BF4B-00C04F79EFBC}") = "Hashsets_Overlaps_Operation", "..\Hashsets_Overlaps_Operation\Hashsets_Overlaps_Operation.csproj", "{E0CA451E-3CCD-4E68-9DF4-D5FE6C3B4194}"
EndProject
Project("{FAE04EC0-301F-11D3-BF4B-00C04F79EFBC}") = "Hashsets_Equals_Operation", "..\Hashsets_Equals_Operation\Hashsets_Equals_Operation.csproj", "{3687175E-02BA-4776-A26C-89D3E3AD2F23}"
EndProject
Project("{FAE04EC0-301F-11D3-BF4B-00C04F79EFBC}") = "SortedLists", "..\SortedLists\SortedLists.csproj", "{A1C2C01D-0475-4EEB-8955-5B03BFB08D36}"
EndProject
Project("{FAE04EC0-301F-11D3-BF4B-00C04F79EFBC}") = "SortedLists_With_Linq", "..\SortedLists_With_Linq\SortedLists_With_Linq.csproj", "{D11008B7-B446-4EC3-9900-3BA812050633}"
EndProject
Project("{FAE04EC0-301F-11D3-BF4B-00C04F79EFBC}") = "SortedLists_With_Custom_Objects_And_Linq", "..\SortedLists_With_Custom_Objects_And_Linq\SortedLists_With_Custom_Objects_And_Linq.csproj", "{29AD2560-2E79-4F59-84A5-52F879F28184}"
EndProject
Project("{FAE04EC0-301F-11D3-BF4B-00C04F79EFBC}") = "SortedSets", "..\SortedSets\SortedSets.csproj", "{FC038F23-12A9-40DE-A4D0-BCA32D5BED6C}"
EndProject
Project("{FAE04EC0-301F-11D3-BF4B-00C04F79EFBC}") = "SortedSets_With_Linq", "..\SortedSets_With_Linq\SortedSets_With_Linq.csproj", "{72C9CE9D-75AF-41CC-89E8-CB75E0CEF1E0}"
EndProject
Project("{FAE04EC0-301F-11D3-BF4B-00C04F79EFBC}") = "SortedDictionary", "..\SortedDictionary\SortedDictionary.csproj", "{3C43C5AB-490A-415E-8769-B99954CDDF3F}"
EndProject
Project("{FAE04EC0-301F-11D3-BF4B-00C04F79EFBC}") = "ArrayLists", "..\ArrayLists\ArrayLists.csproj", "{B34B940D-1991-4775-913B-88436739B044}"
EndProject
Project("{FAE04EC0-301F-11D3-BF4B-00C04F79EFBC}") = "ObservableCollections", "..\ObservableCollections\ObservableCollections.csproj", "{A0684A2C-AA85-4E1A-AA5D-1323E922C3D2}"
EndProject
Project("{FAE04EC0-301F-11D3-BF4B-00C04F79EFBC}") = "Stack", "..\Stack\Stack.csproj", "{F514A4EC-5873-4B8B-A35C-088966CF0C70}"
EndProject
Project("{FAE04EC0-301F-11D3-BF4B-00C04F79EFBC}") = "Queue", "..\Queue\Queue.csproj", "{B72F8FA3-FE84-4429-8552-5FDFEF00F654}"
EndProject
Project("{FAE04EC0-301F-11D3-BF4B-00C04F79EFBC}") = "LinkedList", "..\LinkedList\LinkedList.csproj", "{10057C07-EE15-493D-88EB-446AE55DDA3F}"
EndProject
Project("{FAE04EC0-301F-11D3-BF4B-00C04F79EFBC}") = "Arrays", "..\Arrays\Arrays.csproj", "{73F93870-F36F-415A-9596-75ED101644C1}"
EndProject
Project("{FAE04EC0-301F-11D3-BF4B-00C04F79EFBC}") = "Arrays_With_Linq", "..\Arrays_With_Linq\Arrays_With_Linq.csproj", "{8249AB58-1915-48A2-BA9D-55F3379EE171}"
EndProject
Project("{FAE04EC0-301F-11D3-BF4B-00C04F79EFBC}") = "Arrays_With_Advanced_Linq", "..\Arrays_With_Advanced_Linq\Arrays_With_Advanced_Linq.csproj", "{D3E95BE1-B55B-4BBD-9103-E24BC4DE53A5}"
EndProject
Project("{FAE04EC0-301F-11D3-BF4B-00C04F79EFBC}") = "Arrays_With_Advanced_Linq_2", "..\Arrays_With_Advanced_Linq_2\Arrays_With_Advanced_Linq_2.csproj", "{DA3E9CCF-F679-45B1-9D13-F4679FA5A631}"
EndProject
Project("{FAE04EC0-301F-11D3-BF4B-00C04F79EFBC}") = "BitArrays", "..\BitArrays\BitArrays.csproj", "{8923E22D-B0CE-4880-BDF7-29F4245042EC}"
EndProject
Project("{FAE04EC0-301F-11D3-BF4B-00C04F79EFBC}") = "BitArrays_Bitwise_Operations", "..\BitArrays_Bitwise_Operations\BitArrays_Bitwise_Operations.csproj", "{B3770234-A344-4B02-9E07-7819EFCFA10F}"
EndProject
Project("{FAE04EC0-301F-11D3-BF4B-00C04F79EFBC}") = "JaggedArray", "..\JaggedArray\JaggedArray.csproj", "{4D76883C-AB0A-42A4-AD47-BD5BAD1C61E8}"
EndProject
Project("{FAE04EC0-301F-11D3-BF4B-00C04F79EFBC}") = "JaggedArrays_With_Linq", "..\JaggedArrays_With_Linq\JaggedArrays_With_Linq.csproj", "{857E7086-6B94-47F6-A26F-C17604E29A5A}"
EndProject
Project("{FAE04EC0-301F-11D3-BF4B-00C04F79EFBC}") = "Tuples", "..\Tuples\Tuples.csproj", "{FA1560FC-1274-457B-A874-91FC25307240}"
EndProject
Project("{FAE04EC0-301F-11D3-BF4B-00C04F79EFBC}") = "Tuples_With_Linq", "..\Tuples_With_Linq\Tuples_With_Linq.csproj", "{C13695B4-2861-485C-82B8-722620F83B4B}"
EndProject
Project("{FAE04EC0-301F-11D3-BF4B-00C04F79EFBC}") = "Custom_Collections_IEnumerable", "..\Custom_Collections_IEnumerable\Custom_Collections_IEnumerable.csproj", "{73136654-FF0E-44E7-B12C-002000A47881}"
EndProject
Project("{FAE04EC0-301F-11D3-BF4B-00C04F79EFBC}") = "Custom_Collections_ICollection", "..\Custom_Collections_ICollection\Custom_Collections_ICollection.csproj", "{B4C5288C-F1D2-4250-9F2E-4207A8405C21}"
EndProject
Project("{FAE04EC0-301F-11D3-BF4B-00C04F79EFBC}") = "Custom_Collections_IList", "..\Custom_Collections_IList\Custom_Collections_IList.csproj", "{589EA637-2B00-4B42-BA8F-67E920BDB95E}"
EndProject
Project("{FAE04EC0-301F-11D3-BF4B-00C04F79EFBC}") = "Custom_Collections_Iset", "..\Custom_Collections_Iset\Custom_Collections_Iset.csproj", "{DF2E2806-0EF2-4B1B-A3A4-B2A546949DD6}"
EndProject
Project("{FAE04EC0-301F-11D3-BF4B-00C04F79EFBC}") = "Custom_Collections_IDictionary", "..\Custom_Collections_IDictionary\Custom_Collections_IDictionary.csproj", "{3B21DDEF-3045-4E36-865C-0165088CAAF0}"
EndProject
Project("{FAE04EC0-301F-11D3-BF4B-00C04F79EFBC}") = "Custom_Collections_IComparable", "..\Custom_Collections_IComparable\Custom_Collections_IComparable.csproj", "{2D7955C1-B69C-4017-B67F-8A0095ABE1DC}"
EndProject
Project("{FAE04EC0-301F-11D3-BF4B-00C04F79EFBC}") = "Trees_GeneralTree", "..\Trees_GeneralTree\Trees_GeneralTree.csproj", "{FFF939FC-1685-4829-8ADC-4FD539169BDA}"
EndProject
Project("{FAE04EC0-301F-11D3-BF4B-00C04F79EFBC}") = "Trees_FamilyTree", "..\Trees_FamilyTree\Trees_FamilyTree.csproj", "{875004A8-EE21-45C4-BDE3-480209C002A0}"
EndProject
Project("{FAE04EC0-301F-11D3-BF4B-00C04F79EFBC}") = "Trees_My_Family_Tree", "..\Trees_My_Family_Tree\Trees_My_Family_Tree.csproj", "{27F82652-F8DA-48C8-A9CA-2B8BE3362BA5}"
EndProject
Global
	GlobalSection(SolutionConfigurationPlatforms) = preSolution
		Debug|Any CPU = Debug|Any CPU
		Debug|x64 = Debug|x64
		Debug|x86 = Debug|x86
		Release|Any CPU = Release|Any CPU
		Release|x64 = Release|x64
		Release|x86 = Release|x86
	EndGlobalSection
	GlobalSection(ProjectConfigurationPlatforms) = postSolution
		{23C1B0CB-E6AF-4B88-B59B-CF2A1ACE8E4F}.Debug|Any CPU.ActiveCfg = Debug|Any CPU
		{23C1B0CB-E6AF-4B88-B59B-CF2A1ACE8E4F}.Debug|Any CPU.Build.0 = Debug|Any CPU
		{23C1B0CB-E6AF-4B88-B59B-CF2A1ACE8E4F}.Debug|x64.ActiveCfg = Debug|Any CPU
		{23C1B0CB-E6AF-4B88-B59B-CF2A1ACE8E4F}.Debug|x64.Build.0 = Debug|Any CPU
		{23C1B0CB-E6AF-4B88-B59B-CF2A1ACE8E4F}.Debug|x86.ActiveCfg = Debug|Any CPU
		{23C1B0CB-E6AF-4B88-B59B-CF2A1ACE8E4F}.Debug|x86.Build.0 = Debug|Any CPU
		{23C1B0CB-E6AF-4B88-B59B-CF2A1ACE8E4F}.Release|Any CPU.ActiveCfg = Release|Any CPU
		{23C1B0CB-E6AF-4B88-B59B-CF2A1ACE8E4F}.Release|Any CPU.Build.0 = Release|Any CPU
		{23C1B0CB-E6AF-4B88-B59B-CF2A1ACE8E4F}.Release|x64.ActiveCfg = Release|Any CPU
		{23C1B0CB-E6AF-4B88-B59B-CF2A1ACE8E4F}.Release|x64.Build.0 = Release|Any CPU
		{23C1B0CB-E6AF-4B88-B59B-CF2A1ACE8E4F}.Release|x86.ActiveCfg = Release|Any CPU
		{23C1B0CB-E6AF-4B88-B59B-CF2A1ACE8E4F}.Release|x86.Build.0 = Release|Any CPU
		{BBE09C39-FDCD-4FF7-859F-EFFE0909F454}.Debug|Any CPU.ActiveCfg = Debug|Any CPU
		{BBE09C39-FDCD-4FF7-859F-EFFE0909F454}.Debug|Any CPU.Build.0 = Debug|Any CPU
		{BBE09C39-FDCD-4FF7-859F-EFFE0909F454}.Debug|x64.ActiveCfg = Debug|Any CPU
		{BBE09C39-FDCD-4FF7-859F-EFFE0909F454}.Debug|x64.Build.0 = Debug|Any CPU
		{BBE09C39-FDCD-4FF7-859F-EFFE0909F454}.Debug|x86.ActiveCfg = Debug|Any CPU
		{BBE09C39-FDCD-4FF7-859F-EFFE0909F454}.Debug|x86.Build.0 = Debug|Any CPU
		{BBE09C39-FDCD-4FF7-859F-EFFE0909F454}.Release|Any CPU.ActiveCfg = Release|Any CPU
		{BBE09C39-FDCD-4FF7-859F-EFFE0909F454}.Release|Any CPU.Build.0 = Release|Any CPU
		{BBE09C39-FDCD-4FF7-859F-EFFE0909F454}.Release|x64.ActiveCfg = Release|Any CPU
		{BBE09C39-FDCD-4FF7-859F-EFFE0909F454}.Release|x64.Build.0 = Release|Any CPU
		{BBE09C39-FDCD-4FF7-859F-EFFE0909F454}.Release|x86.ActiveCfg = Release|Any CPU
		{BBE09C39-FDCD-4FF7-859F-EFFE0909F454}.Release|x86.Build.0 = Release|Any CPU
		{7A44B2B9-B5FD-4134-A9AA-8D51BA88FEB1}.Debug|Any CPU.ActiveCfg = Debug|Any CPU
		{7A44B2B9-B5FD-4134-A9AA-8D51BA88FEB1}.Debug|Any CPU.Build.0 = Debug|Any CPU
		{7A44B2B9-B5FD-4134-A9AA-8D51BA88FEB1}.Debug|x64.ActiveCfg = Debug|Any CPU
		{7A44B2B9-B5FD-4134-A9AA-8D51BA88FEB1}.Debug|x64.Build.0 = Debug|Any CPU
		{7A44B2B9-B5FD-4134-A9AA-8D51BA88FEB1}.Debug|x86.ActiveCfg = Debug|Any CPU
		{7A44B2B9-B5FD-4134-A9AA-8D51BA88FEB1}.Debug|x86.Build.0 = Debug|Any CPU
		{7A44B2B9-B5FD-4134-A9AA-8D51BA88FEB1}.Release|Any CPU.ActiveCfg = Release|Any CPU
		{7A44B2B9-B5FD-4134-A9AA-8D51BA88FEB1}.Release|Any CPU.Build.0 = Release|Any CPU
		{7A44B2B9-B5FD-4134-A9AA-8D51BA88FEB1}.Release|x64.ActiveCfg = Release|Any CPU
		{7A44B2B9-B5FD-4134-A9AA-8D51BA88FEB1}.Release|x64.Build.0 = Release|Any CPU
		{7A44B2B9-B5FD-4134-A9AA-8D51BA88FEB1}.Release|x86.ActiveCfg = Release|Any CPU
		{7A44B2B9-B5FD-4134-A9AA-8D51BA88FEB1}.Release|x86.Build.0 = Release|Any CPU
		{30C97ADE-A2BB-4FC2-9106-AA57CBAF9BD4}.Debug|Any CPU.ActiveCfg = Debug|Any CPU
		{30C97ADE-A2BB-4FC2-9106-AA57CBAF9BD4}.Debug|Any CPU.Build.0 = Debug|Any CPU
		{30C97ADE-A2BB-4FC2-9106-AA57CBAF9BD4}.Debug|x64.ActiveCfg = Debug|Any CPU
		{30C97ADE-A2BB-4FC2-9106-AA57CBAF9BD4}.Debug|x64.Build.0 = Debug|Any CPU
		{30C97ADE-A2BB-4FC2-9106-AA57CBAF9BD4}.Debug|x86.ActiveCfg = Debug|Any CPU
		{30C97ADE-A2BB-4FC2-9106-AA57CBAF9BD4}.Debug|x86.Build.0 = Debug|Any CPU
		{30C97ADE-A2BB-4FC2-9106-AA57CBAF9BD4}.Release|Any CPU.ActiveCfg = Release|Any CPU
		{30C97ADE-A2BB-4FC2-9106-AA57CBAF9BD4}.Release|Any CPU.Build.0 = Release|Any CPU
		{30C97ADE-A2BB-4FC2-9106-AA57CBAF9BD4}.Release|x64.ActiveCfg = Release|Any CPU
		{30C97ADE-A2BB-4FC2-9106-AA57CBAF9BD4}.Release|x64.Build.0 = Release|Any CPU
		{30C97ADE-A2BB-4FC2-9106-AA57CBAF9BD4}.Release|x86.ActiveCfg = Release|Any CPU
		{30C97ADE-A2BB-4FC2-9106-AA57CBAF9BD4}.Release|x86.Build.0 = Release|Any CPU
		{E2E788F9-AE29-4C2A-B8E5-F0601CCB1459}.Debug|Any CPU.ActiveCfg = Debug|Any CPU
		{E2E788F9-AE29-4C2A-B8E5-F0601CCB1459}.Debug|Any CPU.Build.0 = Debug|Any CPU
		{E2E788F9-AE29-4C2A-B8E5-F0601CCB1459}.Debug|x64.ActiveCfg = Debug|Any CPU
		{E2E788F9-AE29-4C2A-B8E5-F0601CCB1459}.Debug|x64.Build.0 = Debug|Any CPU
		{E2E788F9-AE29-4C2A-B8E5-F0601CCB1459}.Debug|x86.ActiveCfg = Debug|Any CPU
		{E2E788F9-AE29-4C2A-B8E5-F0601CCB1459}.Debug|x86.Build.0 = Debug|Any CPU
		{E2E788F9-AE29-4C2A-B8E5-F0601CCB1459}.Release|Any CPU.ActiveCfg = Release|Any CPU
		{E2E788F9-AE29-4C2A-B8E5-F0601CCB1459}.Release|Any CPU.Build.0 = Release|Any CPU
		{E2E788F9-AE29-4C2A-B8E5-F0601CCB1459}.Release|x64.ActiveCfg = Release|Any CPU
		{E2E788F9-AE29-4C2A-B8E5-F0601CCB1459}.Release|x64.Build.0 = Release|Any CPU
		{E2E788F9-AE29-4C2A-B8E5-F0601CCB1459}.Release|x86.ActiveCfg = Release|Any CPU
		{E2E788F9-AE29-4C2A-B8E5-F0601CCB1459}.Release|x86.Build.0 = Release|Any CPU
		{9AE461BB-74DA-43FF-B685-68CBDB34737D}.Debug|Any CPU.ActiveCfg = Debug|Any CPU
		{9AE461BB-74DA-43FF-B685-68CBDB34737D}.Debug|Any CPU.Build.0 = Debug|Any CPU
		{9AE461BB-74DA-43FF-B685-68CBDB34737D}.Debug|x64.ActiveCfg = Debug|Any CPU
		{9AE461BB-74DA-43FF-B685-68CBDB34737D}.Debug|x64.Build.0 = Debug|Any CPU
		{9AE461BB-74DA-43FF-B685-68CBDB34737D}.Debug|x86.ActiveCfg = Debug|Any CPU
		{9AE461BB-74DA-43FF-B685-68CBDB34737D}.Debug|x86.Build.0 = Debug|Any CPU
		{9AE461BB-74DA-43FF-B685-68CBDB34737D}.Release|Any CPU.ActiveCfg = Release|Any CPU
		{9AE461BB-74DA-43FF-B685-68CBDB34737D}.Release|Any CPU.Build.0 = Release|Any CPU
		{9AE461BB-74DA-43FF-B685-68CBDB34737D}.Release|x64.ActiveCfg = Release|Any CPU
		{9AE461BB-74DA-43FF-B685-68CBDB34737D}.Release|x64.Build.0 = Release|Any CPU
		{9AE461BB-74DA-43FF-B685-68CBDB34737D}.Release|x86.ActiveCfg = Release|Any CPU
		{9AE461BB-74DA-43FF-B685-68CBDB34737D}.Release|x86.Build.0 = Release|Any CPU
		{5CC49A40-D91F-4770-B0C5-87BAD2E3E14C}.Debug|Any CPU.ActiveCfg = Debug|Any CPU
		{5CC49A40-D91F-4770-B0C5-87BAD2E3E14C}.Debug|Any CPU.Build.0 = Debug|Any CPU
		{5CC49A40-D91F-4770-B0C5-87BAD2E3E14C}.Debug|x64.ActiveCfg = Debug|Any CPU
		{5CC49A40-D91F-4770-B0C5-87BAD2E3E14C}.Debug|x64.Build.0 = Debug|Any CPU
		{5CC49A40-D91F-4770-B0C5-87BAD2E3E14C}.Debug|x86.ActiveCfg = Debug|Any CPU
		{5CC49A40-D91F-4770-B0C5-87BAD2E3E14C}.Debug|x86.Build.0 = Debug|Any CPU
		{5CC49A40-D91F-4770-B0C5-87BAD2E3E14C}.Release|Any CPU.ActiveCfg = Release|Any CPU
		{5CC49A40-D91F-4770-B0C5-87BAD2E3E14C}.Release|Any CPU.Build.0 = Release|Any CPU
		{5CC49A40-D91F-4770-B0C5-87BAD2E3E14C}.Release|x64.ActiveCfg = Release|Any CPU
		{5CC49A40-D91F-4770-B0C5-87BAD2E3E14C}.Release|x64.Build.0 = Release|Any CPU
		{5CC49A40-D91F-4770-B0C5-87BAD2E3E14C}.Release|x86.ActiveCfg = Release|Any CPU
		{5CC49A40-D91F-4770-B0C5-87BAD2E3E14C}.Release|x86.Build.0 = Release|Any CPU
		{770CEF93-1200-402D-9F75-6F9D1534D70A}.Debug|Any CPU.ActiveCfg = Debug|Any CPU
		{770CEF93-1200-402D-9F75-6F9D1534D70A}.Debug|Any CPU.Build.0 = Debug|Any CPU
		{770CEF93-1200-402D-9F75-6F9D1534D70A}.Debug|x64.ActiveCfg = Debug|Any CPU
		{770CEF93-1200-402D-9F75-6F9D1534D70A}.Debug|x64.Build.0 = Debug|Any CPU
		{770CEF93-1200-402D-9F75-6F9D1534D70A}.Debug|x86.ActiveCfg = Debug|Any CPU
		{770CEF93-1200-402D-9F75-6F9D1534D70A}.Debug|x86.Build.0 = Debug|Any CPU
		{770CEF93-1200-402D-9F75-6F9D1534D70A}.Release|Any CPU.ActiveCfg = Release|Any CPU
		{770CEF93-1200-402D-9F75-6F9D1534D70A}.Release|Any CPU.Build.0 = Release|Any CPU
		{770CEF93-1200-402D-9F75-6F9D1534D70A}.Release|x64.ActiveCfg = Release|Any CPU
		{770CEF93-1200-402D-9F75-6F9D1534D70A}.Release|x64.Build.0 = Release|Any CPU
		{770CEF93-1200-402D-9F75-6F9D1534D70A}.Release|x86.ActiveCfg = Release|Any CPU
		{770CEF93-1200-402D-9F75-6F9D1534D70A}.Release|x86.Build.0 = Release|Any CPU
		{83655296-526A-4A51-A9DC-903684F8BE62}.Debug|Any CPU.ActiveCfg = Debug|Any CPU
		{83655296-526A-4A51-A9DC-903684F8BE62}.Debug|Any CPU.Build.0 = Debug|Any CPU
		{83655296-526A-4A51-A9DC-903684F8BE62}.Debug|x64.ActiveCfg = Debug|Any CPU
		{83655296-526A-4A51-A9DC-903684F8BE62}.Debug|x64.Build.0 = Debug|Any CPU
		{83655296-526A-4A51-A9DC-903684F8BE62}.Debug|x86.ActiveCfg = Debug|Any CPU
		{83655296-526A-4A51-A9DC-903684F8BE62}.Debug|x86.Build.0 = Debug|Any CPU
		{83655296-526A-4A51-A9DC-903684F8BE62}.Release|Any CPU.ActiveCfg = Release|Any CPU
		{83655296-526A-4A51-A9DC-903684F8BE62}.Release|Any CPU.Build.0 = Release|Any CPU
		{83655296-526A-4A51-A9DC-903684F8BE62}.Release|x64.ActiveCfg = Release|Any CPU
		{83655296-526A-4A51-A9DC-903684F8BE62}.Release|x64.Build.0 = Release|Any CPU
		{83655296-526A-4A51-A9DC-903684F8BE62}.Release|x86.ActiveCfg = Release|Any CPU
		{83655296-526A-4A51-A9DC-903684F8BE62}.Release|x86.Build.0 = Release|Any CPU
		{00E47433-5F27-402B-B712-C8303FCF09BA}.Debug|Any CPU.ActiveCfg = Debug|Any CPU
		{00E47433-5F27-402B-B712-C8303FCF09BA}.Debug|Any CPU.Build.0 = Debug|Any CPU
		{00E47433-5F27-402B-B712-C8303FCF09BA}.Debug|x64.ActiveCfg = Debug|Any CPU
		{00E47433-5F27-402B-B712-C8303FCF09BA}.Debug|x64.Build.0 = Debug|Any CPU
		{00E47433-5F27-402B-B712-C8303FCF09BA}.Debug|x86.ActiveCfg = Debug|Any CPU
		{00E47433-5F27-402B-B712-C8303FCF09BA}.Debug|x86.Build.0 = Debug|Any CPU
		{00E47433-5F27-402B-B712-C8303FCF09BA}.Release|Any CPU.ActiveCfg = Release|Any CPU
		{00E47433-5F27-402B-B712-C8303FCF09BA}.Release|Any CPU.Build.0 = Release|Any CPU
		{00E47433-5F27-402B-B712-C8303FCF09BA}.Release|x64.ActiveCfg = Release|Any CPU
		{00E47433-5F27-402B-B712-C8303FCF09BA}.Release|x64.Build.0 = Release|Any CPU
		{00E47433-5F27-402B-B712-C8303FCF09BA}.Release|x86.ActiveCfg = Release|Any CPU
		{00E47433-5F27-402B-B712-C8303FCF09BA}.Release|x86.Build.0 = Release|Any CPU
		{08DE0D67-9B3D-44AF-9D2C-165540093C02}.Debug|Any CPU.ActiveCfg = Debug|Any CPU
		{08DE0D67-9B3D-44AF-9D2C-165540093C02}.Debug|Any CPU.Build.0 = Debug|Any CPU
		{08DE0D67-9B3D-44AF-9D2C-165540093C02}.Debug|x64.ActiveCfg = Debug|Any CPU
		{08DE0D67-9B3D-44AF-9D2C-165540093C02}.Debug|x64.Build.0 = Debug|Any CPU
		{08DE0D67-9B3D-44AF-9D2C-165540093C02}.Debug|x86.ActiveCfg = Debug|Any CPU
		{08DE0D67-9B3D-44AF-9D2C-165540093C02}.Debug|x86.Build.0 = Debug|Any CPU
		{08DE0D67-9B3D-44AF-9D2C-165540093C02}.Release|Any CPU.ActiveCfg = Release|Any CPU
		{08DE0D67-9B3D-44AF-9D2C-165540093C02}.Release|Any CPU.Build.0 = Release|Any CPU
		{08DE0D67-9B3D-44AF-9D2C-165540093C02}.Release|x64.ActiveCfg = Release|Any CPU
		{08DE0D67-9B3D-44AF-9D2C-165540093C02}.Release|x64.Build.0 = Release|Any CPU
		{08DE0D67-9B3D-44AF-9D2C-165540093C02}.Release|x86.ActiveCfg = Release|Any CPU
		{08DE0D67-9B3D-44AF-9D2C-165540093C02}.Release|x86.Build.0 = Release|Any CPU
		{BCCF49FB-6B94-4707-8F3D-86B0F9346809}.Debug|Any CPU.ActiveCfg = Debug|Any CPU
		{BCCF49FB-6B94-4707-8F3D-86B0F9346809}.Debug|Any CPU.Build.0 = Debug|Any CPU
		{BCCF49FB-6B94-4707-8F3D-86B0F9346809}.Debug|x64.ActiveCfg = Debug|Any CPU
		{BCCF49FB-6B94-4707-8F3D-86B0F9346809}.Debug|x64.Build.0 = Debug|Any CPU
		{BCCF49FB-6B94-4707-8F3D-86B0F9346809}.Debug|x86.ActiveCfg = Debug|Any CPU
		{BCCF49FB-6B94-4707-8F3D-86B0F9346809}.Debug|x86.Build.0 = Debug|Any CPU
		{BCCF49FB-6B94-4707-8F3D-86B0F9346809}.Release|Any CPU.ActiveCfg = Release|Any CPU
		{BCCF49FB-6B94-4707-8F3D-86B0F9346809}.Release|Any CPU.Build.0 = Release|Any CPU
		{BCCF49FB-6B94-4707-8F3D-86B0F9346809}.Release|x64.ActiveCfg = Release|Any CPU
		{BCCF49FB-6B94-4707-8F3D-86B0F9346809}.Release|x64.Build.0 = Release|Any CPU
		{BCCF49FB-6B94-4707-8F3D-86B0F9346809}.Release|x86.ActiveCfg = Release|Any CPU
		{BCCF49FB-6B94-4707-8F3D-86B0F9346809}.Release|x86.Build.0 = Release|Any CPU
		{E0CA451E-3CCD-4E68-9DF4-D5FE6C3B4194}.Debug|Any CPU.ActiveCfg = Debug|Any CPU
		{E0CA451E-3CCD-4E68-9DF4-D5FE6C3B4194}.Debug|Any CPU.Build.0 = Debug|Any CPU
		{E0CA451E-3CCD-4E68-9DF4-D5FE6C3B4194}.Debug|x64.ActiveCfg = Debug|Any CPU
		{E0CA451E-3CCD-4E68-9DF4-D5FE6C3B4194}.Debug|x64.Build.0 = Debug|Any CPU
		{E0CA451E-3CCD-4E68-9DF4-D5FE6C3B4194}.Debug|x86.ActiveCfg = Debug|Any CPU
		{E0CA451E-3CCD-4E68-9DF4-D5FE6C3B4194}.Debug|x86.Build.0 = Debug|Any CPU
		{E0CA451E-3CCD-4E68-9DF4-D5FE6C3B4194}.Release|Any CPU.ActiveCfg = Release|Any CPU
		{E0CA451E-3CCD-4E68-9DF4-D5FE6C3B4194}.Release|Any CPU.Build.0 = Release|Any CPU
		{E0CA451E-3CCD-4E68-9DF4-D5FE6C3B4194}.Release|x64.ActiveCfg = Release|Any CPU
		{E0CA451E-3CCD-4E68-9DF4-D5FE6C3B4194}.Release|x64.Build.0 = Release|Any CPU
		{E0CA451E-3CCD-4E68-9DF4-D5FE6C3B4194}.Release|x86.ActiveCfg = Release|Any CPU
		{E0CA451E-3CCD-4E68-9DF4-D5FE6C3B4194}.Release|x86.Build.0 = Release|Any CPU
		{3687175E-02BA-4776-A26C-89D3E3AD2F23}.Debug|Any CPU.ActiveCfg = Debug|Any CPU
		{3687175E-02BA-4776-A26C-89D3E3AD2F23}.Debug|Any CPU.Build.0 = Debug|Any CPU
		{3687175E-02BA-4776-A26C-89D3E3AD2F23}.Debug|x64.ActiveCfg = Debug|Any CPU
		{3687175E-02BA-4776-A26C-89D3E3AD2F23}.Debug|x64.Build.0 = Debug|Any CPU
		{3687175E-02BA-4776-A26C-89D3E3AD2F23}.Debug|x86.ActiveCfg = Debug|Any CPU
		{3687175E-02BA-4776-A26C-89D3E3AD2F23}.Debug|x86.Build.0 = Debug|Any CPU
		{3687175E-02BA-4776-A26C-89D3E3AD2F23}.Release|Any CPU.ActiveCfg = Release|Any CPU
		{3687175E-02BA-4776-A26C-89D3E3AD2F23}.Release|Any CPU.Build.0 = Release|Any CPU
		{3687175E-02BA-4776-A26C-89D3E3AD2F23}.Release|x64.ActiveCfg = Release|Any CPU
		{3687175E-02BA-4776-A26C-89D3E3AD2F23}.Release|x64.Build.0 = Release|Any CPU
		{3687175E-02BA-4776-A26C-89D3E3AD2F23}.Release|x86.ActiveCfg = Release|Any CPU
		{3687175E-02BA-4776-A26C-89D3E3AD2F23}.Release|x86.Build.0 = Release|Any CPU
		{A1C2C01D-0475-4EEB-8955-5B03BFB08D36}.Debug|Any CPU.ActiveCfg = Debug|Any CPU
		{A1C2C01D-0475-4EEB-8955-5B03BFB08D36}.Debug|Any CPU.Build.0 = Debug|Any CPU
		{A1C2C01D-0475-4EEB-8955-5B03BFB08D36}.Debug|x64.ActiveCfg = Debug|Any CPU
		{A1C2C01D-0475-4EEB-8955-5B03BFB08D36}.Debug|x64.Build.0 = Debug|Any CPU
		{A1C2C01D-0475-4EEB-8955-5B03BFB08D36}.Debug|x86.ActiveCfg = Debug|Any CPU
		{A1C2C01D-0475-4EEB-8955-5B03BFB08D36}.Debug|x86.Build.0 = Debug|Any CPU
		{A1C2C01D-0475-4EEB-8955-5B03BFB08D36}.Release|Any CPU.ActiveCfg = Release|Any CPU
		{A1C2C01D-0475-4EEB-8955-5B03BFB08D36}.Release|Any CPU.Build.0 = Release|Any CPU
		{A1C2C01D-0475-4EEB-8955-5B03BFB08D36}.Release|x64.ActiveCfg = Release|Any CPU
		{A1C2C01D-0475-4EEB-8955-5B03BFB08D36}.Release|x64.Build.0 = Release|Any CPU
		{A1C2C01D-0475-4EEB-8955-5B03BFB08D36}.Release|x86.ActiveCfg = Release|Any CPU
		{A1C2C01D-0475-4EEB-8955-5B03BFB08D36}.Release|x86.Build.0 = Release|Any CPU
		{D11008B7-B446-4EC3-9900-3BA812050633}.Debug|Any CPU.ActiveCfg = Debug|Any CPU
		{D11008B7-B446-4EC3-9900-3BA812050633}.Debug|Any CPU.Build.0 = Debug|Any CPU
		{D11008B7-B446-4EC3-9900-3BA812050633}.Debug|x64.ActiveCfg = Debug|Any CPU
		{D11008B7-B446-4EC3-9900-3BA812050633}.Debug|x64.Build.0 = Debug|Any CPU
		{D11008B7-B446-4EC3-9900-3BA812050633}.Debug|x86.ActiveCfg = Debug|Any CPU
		{D11008B7-B446-4EC3-9900-3BA812050633}.Debug|x86.Build.0 = Debug|Any CPU
		{D11008B7-B446-4EC3-9900-3BA812050633}.Release|Any CPU.ActiveCfg = Release|Any CPU
		{D11008B7-B446-4EC3-9900-3BA812050633}.Release|Any CPU.Build.0 = Release|Any CPU
		{D11008B7-B446-4EC3-9900-3BA812050633}.Release|x64.ActiveCfg = Release|Any CPU
		{D11008B7-B446-4EC3-9900-3BA812050633}.Release|x64.Build.0 = Release|Any CPU
		{D11008B7-B446-4EC3-9900-3BA812050633}.Release|x86.ActiveCfg = Release|Any CPU
		{D11008B7-B446-4EC3-9900-3BA812050633}.Release|x86.Build.0 = Release|Any CPU
		{29AD2560-2E79-4F59-84A5-52F879F28184}.Debug|Any CPU.ActiveCfg = Debug|Any CPU
		{29AD2560-2E79-4F59-84A5-52F879F28184}.Debug|Any CPU.Build.0 = Debug|Any CPU
		{29AD2560-2E79-4F59-84A5-52F879F28184}.Debug|x64.ActiveCfg = Debug|Any CPU
		{29AD2560-2E79-4F59-84A5-52F879F28184}.Debug|x64.Build.0 = Debug|Any CPU
		{29AD2560-2E79-4F59-84A5-52F879F28184}.Debug|x86.ActiveCfg = Debug|Any CPU
		{29AD2560-2E79-4F59-84A5-52F879F28184}.Debug|x86.Build.0 = Debug|Any CPU
		{29AD2560-2E79-4F59-84A5-52F879F28184}.Release|Any CPU.ActiveCfg = Release|Any CPU
		{29AD2560-2E79-4F59-84A5-52F879F28184}.Release|Any CPU.Build.0 = Release|Any CPU
		{29AD2560-2E79-4F59-84A5-52F879F28184}.Release|x64.ActiveCfg = Release|Any CPU
		{29AD2560-2E79-4F59-84A5-52F879F28184}.Release|x64.Build.0 = Release|Any CPU
		{29AD2560-2E79-4F59-84A5-52F879F28184}.Release|x86.ActiveCfg = Release|Any CPU
		{29AD2560-2E79-4F59-84A5-52F879F28184}.Release|x86.Build.0 = Release|Any CPU
		{FC038F23-12A9-40DE-A4D0-BCA32D5BED6C}.Debug|Any CPU.ActiveCfg = Debug|Any CPU
		{FC038F23-12A9-40DE-A4D0-BCA32D5BED6C}.Debug|Any CPU.Build.0 = Debug|Any CPU
		{FC038F23-12A9-40DE-A4D0-BCA32D5BED6C}.Debug|x64.ActiveCfg = Debug|Any CPU
		{FC038F23-12A9-40DE-A4D0-BCA32D5BED6C}.Debug|x64.Build.0 = Debug|Any CPU
		{FC038F23-12A9-40DE-A4D0-BCA32D5BED6C}.Debug|x86.ActiveCfg = Debug|Any CPU
		{FC038F23-12A9-40DE-A4D0-BCA32D5BED6C}.Debug|x86.Build.0 = Debug|Any CPU
		{FC038F23-12A9-40DE-A4D0-BCA32D5BED6C}.Release|Any CPU.ActiveCfg = Release|Any CPU
		{FC038F23-12A9-40DE-A4D0-BCA32D5BED6C}.Release|Any CPU.Build.0 = Release|Any CPU
		{FC038F23-12A9-40DE-A4D0-BCA32D5BED6C}.Release|x64.ActiveCfg = Release|Any CPU
		{FC038F23-12A9-40DE-A4D0-BCA32D5BED6C}.Release|x64.Build.0 = Release|Any CPU
		{FC038F23-12A9-40DE-A4D0-BCA32D5BED6C}.Release|x86.ActiveCfg = Release|Any CPU
		{FC038F23-12A9-40DE-A4D0-BCA32D5BED6C}.Release|x86.Build.0 = Release|Any CPU
		{72C9CE9D-75AF-41CC-89E8-CB75E0CEF1E0}.Debug|Any CPU.ActiveCfg = Debug|Any CPU
		{72C9CE9D-75AF-41CC-89E8-CB75E0CEF1E0}.Debug|Any CPU.Build.0 = Debug|Any CPU
		{72C9CE9D-75AF-41CC-89E8-CB75E0CEF1E0}.Debug|x64.ActiveCfg = Debug|Any CPU
		{72C9CE9D-75AF-41CC-89E8-CB75E0CEF1E0}.Debug|x64.Build.0 = Debug|Any CPU
		{72C9CE9D-75AF-41CC-89E8-CB75E0CEF1E0}.Debug|x86.ActiveCfg = Debug|Any CPU
		{72C9CE9D-75AF-41CC-89E8-CB75E0CEF1E0}.Debug|x86.Build.0 = Debug|Any CPU
		{72C9CE9D-75AF-41CC-89E8-CB75E0CEF1E0}.Release|Any CPU.ActiveCfg = Release|Any CPU
		{72C9CE9D-75AF-41CC-89E8-CB75E0CEF1E0}.Release|Any CPU.Build.0 = Release|Any CPU
		{72C9CE9D-75AF-41CC-89E8-CB75E0CEF1E0}.Release|x64.ActiveCfg = Release|Any CPU
		{72C9CE9D-75AF-41CC-89E8-CB75E0CEF1E0}.Release|x64.Build.0 = Release|Any CPU
		{72C9CE9D-75AF-41CC-89E8-CB75E0CEF1E0}.Release|x86.ActiveCfg = Release|Any CPU
		{72C9CE9D-75AF-41CC-89E8-CB75E0CEF1E0}.Release|x86.Build.0 = Release|Any CPU
		{3C43C5AB-490A-415E-8769-B99954CDDF3F}.Debug|Any CPU.ActiveCfg = Debug|Any CPU
		{3C43C5AB-490A-415E-8769-B99954CDDF3F}.Debug|Any CPU.Build.0 = Debug|Any CPU
		{3C43C5AB-490A-415E-8769-B99954CDDF3F}.Debug|x64.ActiveCfg = Debug|Any CPU
		{3C43C5AB-490A-415E-8769-B99954CDDF3F}.Debug|x64.Build.0 = Debug|Any CPU
		{3C43C5AB-490A-415E-8769-B99954CDDF3F}.Debug|x86.ActiveCfg = Debug|Any CPU
		{3C43C5AB-490A-415E-8769-B99954CDDF3F}.Debug|x86.Build.0 = Debug|Any CPU
		{3C43C5AB-490A-415E-8769-B99954CDDF3F}.Release|Any CPU.ActiveCfg = Release|Any CPU
		{3C43C5AB-490A-415E-8769-B99954CDDF3F}.Release|Any CPU.Build.0 = Release|Any CPU
		{3C43C5AB-490A-415E-8769-B99954CDDF3F}.Release|x64.ActiveCfg = Release|Any CPU
		{3C43C5AB-490A-415E-8769-B99954CDDF3F}.Release|x64.Build.0 = Release|Any CPU
		{3C43C5AB-490A-415E-8769-B99954CDDF3F}.Release|x86.ActiveCfg = Release|Any CPU
		{3C43C5AB-490A-415E-8769-B99954CDDF3F}.Release|x86.Build.0 = Release|Any CPU
		{B34B940D-1991-4775-913B-88436739B044}.Debug|Any CPU.ActiveCfg = Debug|Any CPU
		{B34B940D-1991-4775-913B-88436739B044}.Debug|Any CPU.Build.0 = Debug|Any CPU
		{B34B940D-1991-4775-913B-88436739B044}.Debug|x64.ActiveCfg = Debug|Any CPU
		{B34B940D-1991-4775-913B-88436739B044}.Debug|x64.Build.0 = Debug|Any CPU
		{B34B940D-1991-4775-913B-88436739B044}.Debug|x86.ActiveCfg = Debug|Any CPU
		{B34B940D-1991-4775-913B-88436739B044}.Debug|x86.Build.0 = Debug|Any CPU
		{B34B940D-1991-4775-913B-88436739B044}.Release|Any CPU.ActiveCfg = Release|Any CPU
		{B34B940D-1991-4775-913B-88436739B044}.Release|Any CPU.Build.0 = Release|Any CPU
		{B34B940D-1991-4775-913B-88436739B044}.Release|x64.ActiveCfg = Release|Any CPU
		{B34B940D-1991-4775-913B-88436739B044}.Release|x64.Build.0 = Release|Any CPU
		{B34B940D-1991-4775-913B-88436739B044}.Release|x86.ActiveCfg = Release|Any CPU
		{B34B940D-1991-4775-913B-88436739B044}.Release|x86.Build.0 = Release|Any CPU
		{A0684A2C-AA85-4E1A-AA5D-1323E922C3D2}.Debug|Any CPU.ActiveCfg = Debug|Any CPU
		{A0684A2C-AA85-4E1A-AA5D-1323E922C3D2}.Debug|Any CPU.Build.0 = Debug|Any CPU
		{A0684A2C-AA85-4E1A-AA5D-1323E922C3D2}.Debug|x64.ActiveCfg = Debug|Any CPU
		{A0684A2C-AA85-4E1A-AA5D-1323E922C3D2}.Debug|x64.Build.0 = Debug|Any CPU
		{A0684A2C-AA85-4E1A-AA5D-1323E922C3D2}.Debug|x86.ActiveCfg = Debug|Any CPU
		{A0684A2C-AA85-4E1A-AA5D-1323E922C3D2}.Debug|x86.Build.0 = Debug|Any CPU
		{A0684A2C-AA85-4E1A-AA5D-1323E922C3D2}.Release|Any CPU.ActiveCfg = Release|Any CPU
		{A0684A2C-AA85-4E1A-AA5D-1323E922C3D2}.Release|Any CPU.Build.0 = Release|Any CPU
		{A0684A2C-AA85-4E1A-AA5D-1323E922C3D2}.Release|x64.ActiveCfg = Release|Any CPU
		{A0684A2C-AA85-4E1A-AA5D-1323E922C3D2}.Release|x64.Build.0 = Release|Any CPU
		{A0684A2C-AA85-4E1A-AA5D-1323E922C3D2}.Release|x86.ActiveCfg = Release|Any CPU
		{A0684A2C-AA85-4E1A-AA5D-1323E922C3D2}.Release|x86.Build.0 = Release|Any CPU
		{F514A4EC-5873-4B8B-A35C-088966CF0C70}.Debug|Any CPU.ActiveCfg = Debug|Any CPU
		{F514A4EC-5873-4B8B-A35C-088966CF0C70}.Debug|Any CPU.Build.0 = Debug|Any CPU
		{F514A4EC-5873-4B8B-A35C-088966CF0C70}.Debug|x64.ActiveCfg = Debug|Any CPU
		{F514A4EC-5873-4B8B-A35C-088966CF0C70}.Debug|x64.Build.0 = Debug|Any CPU
		{F514A4EC-5873-4B8B-A35C-088966CF0C70}.Debug|x86.ActiveCfg = Debug|Any CPU
		{F514A4EC-5873-4B8B-A35C-088966CF0C70}.Debug|x86.Build.0 = Debug|Any CPU
		{F514A4EC-5873-4B8B-A35C-088966CF0C70}.Release|Any CPU.ActiveCfg = Release|Any CPU
		{F514A4EC-5873-4B8B-A35C-088966CF0C70}.Release|Any CPU.Build.0 = Release|Any CPU
		{F514A4EC-5873-4B8B-A35C-088966CF0C70}.Release|x64.ActiveCfg = Release|Any CPU
		{F514A4EC-5873-4B8B-A35C-088966CF0C70}.Release|x64.Build.0 = Release|Any CPU
		{F514A4EC-5873-4B8B-A35C-088966CF0C70}.Release|x86.ActiveCfg = Release|Any CPU
		{F514A4EC-5873-4B8B-A35C-088966CF0C70}.Release|x86.Build.0 = Release|Any CPU
		{B72F8FA3-FE84-4429-8552-5FDFEF00F654}.Debug|Any CPU.ActiveCfg = Debug|Any CPU
		{B72F8FA3-FE84-4429-8552-5FDFEF00F654}.Debug|Any CPU.Build.0 = Debug|Any CPU
		{B72F8FA3-FE84-4429-8552-5FDFEF00F654}.Debug|x64.ActiveCfg = Debug|Any CPU
		{B72F8FA3-FE84-4429-8552-5FDFEF00F654}.Debug|x64.Build.0 = Debug|Any CPU
		{B72F8FA3-FE84-4429-8552-5FDFEF00F654}.Debug|x86.ActiveCfg = Debug|Any CPU
		{B72F8FA3-FE84-4429-8552-5FDFEF00F654}.Debug|x86.Build.0 = Debug|Any CPU
		{B72F8FA3-FE84-4429-8552-5FDFEF00F654}.Release|Any CPU.ActiveCfg = Release|Any CPU
		{B72F8FA3-FE84-4429-8552-5FDFEF00F654}.Release|Any CPU.Build.0 = Release|Any CPU
		{B72F8FA3-FE84-4429-8552-5FDFEF00F654}.Release|x64.ActiveCfg = Release|Any CPU
		{B72F8FA3-FE84-4429-8552-5FDFEF00F654}.Release|x64.Build.0 = Release|Any CPU
		{B72F8FA3-FE84-4429-8552-5FDFEF00F654}.Release|x86.ActiveCfg = Release|Any CPU
		{B72F8FA3-FE84-4429-8552-5FDFEF00F654}.Release|x86.Build.0 = Release|Any CPU
		{10057C07-EE15-493D-88EB-446AE55DDA3F}.Debug|Any CPU.ActiveCfg = Debug|Any CPU
		{10057C07-EE15-493D-88EB-446AE55DDA3F}.Debug|Any CPU.Build.0 = Debug|Any CPU
		{10057C07-EE15-493D-88EB-446AE55DDA3F}.Debug|x64.ActiveCfg = Debug|Any CPU
		{10057C07-EE15-493D-88EB-446AE55DDA3F}.Debug|x64.Build.0 = Debug|Any CPU
		{10057C07-EE15-493D-88EB-446AE55DDA3F}.Debug|x86.ActiveCfg = Debug|Any CPU
		{10057C07-EE15-493D-88EB-446AE55DDA3F}.Debug|x86.Build.0 = Debug|Any CPU
		{10057C07-EE15-493D-88EB-446AE55DDA3F}.Release|Any CPU.ActiveCfg = Release|Any CPU
		{10057C07-EE15-493D-88EB-446AE55DDA3F}.Release|Any CPU.Build.0 = Release|Any CPU
		{10057C07-EE15-493D-88EB-446AE55DDA3F}.Release|x64.ActiveCfg = Release|Any CPU
		{10057C07-EE15-493D-88EB-446AE55DDA3F}.Release|x64.Build.0 = Release|Any CPU
		{10057C07-EE15-493D-88EB-446AE55DDA3F}.Release|x86.ActiveCfg = Release|Any CPU
		{10057C07-EE15-493D-88EB-446AE55DDA3F}.Release|x86.Build.0 = Release|Any CPU
		{73F93870-F36F-415A-9596-75ED101644C1}.Debug|Any CPU.ActiveCfg = Debug|Any CPU
		{73F93870-F36F-415A-9596-75ED101644C1}.Debug|Any CPU.Build.0 = Debug|Any CPU
		{73F93870-F36F-415A-9596-75ED101644C1}.Debug|x64.ActiveCfg = Debug|Any CPU
		{73F93870-F36F-415A-9596-75ED101644C1}.Debug|x64.Build.0 = Debug|Any CPU
		{73F93870-F36F-415A-9596-75ED101644C1}.Debug|x86.ActiveCfg = Debug|Any CPU
		{73F93870-F36F-415A-9596-75ED101644C1}.Debug|x86.Build.0 = Debug|Any CPU
		{73F93870-F36F-415A-9596-75ED101644C1}.Release|Any CPU.ActiveCfg = Release|Any CPU
		{73F93870-F36F-415A-9596-75ED101644C1}.Release|Any CPU.Build.0 = Release|Any CPU
		{73F93870-F36F-415A-9596-75ED101644C1}.Release|x64.ActiveCfg = Release|Any CPU
		{73F93870-F36F-415A-9596-75ED101644C1}.Release|x64.Build.0 = Release|Any CPU
		{73F93870-F36F-415A-9596-75ED101644C1}.Release|x86.ActiveCfg = Release|Any CPU
		{73F93870-F36F-415A-9596-75ED101644C1}.Release|x86.Build.0 = Release|Any CPU
		{8249AB58-1915-48A2-BA9D-55F3379EE171}.Debug|Any CPU.ActiveCfg = Debug|Any CPU
		{8249AB58-1915-48A2-BA9D-55F3379EE171}.Debug|Any CPU.Build.0 = Debug|Any CPU
		{8249AB58-1915-48A2-BA9D-55F3379EE171}.Debug|x64.ActiveCfg = Debug|Any CPU
		{8249AB58-1915-48A2-BA9D-55F3379EE171}.Debug|x64.Build.0 = Debug|Any CPU
		{8249AB58-1915-48A2-BA9D-55F3379EE171}.Debug|x86.ActiveCfg = Debug|Any CPU
		{8249AB58-1915-48A2-BA9D-55F3379EE171}.Debug|x86.Build.0 = Debug|Any CPU
		{8249AB58-1915-48A2-BA9D-55F3379EE171}.Release|Any CPU.ActiveCfg = Release|Any CPU
		{8249AB58-1915-48A2-BA9D-55F3379EE171}.Release|Any CPU.Build.0 = Release|Any CPU
		{8249AB58-1915-48A2-BA9D-55F3379EE171}.Release|x64.ActiveCfg = Release|Any CPU
		{8249AB58-1915-48A2-BA9D-55F3379EE171}.Release|x64.Build.0 = Release|Any CPU
		{8249AB58-1915-48A2-BA9D-55F3379EE171}.Release|x86.ActiveCfg = Release|Any CPU
		{8249AB58-1915-48A2-BA9D-55F3379EE171}.Release|x86.Build.0 = Release|Any CPU
		{D3E95BE1-B55B-4BBD-9103-E24BC4DE53A5}.Debug|Any CPU.ActiveCfg = Debug|Any CPU
		{D3E95BE1-B55B-4BBD-9103-E24BC4DE53A5}.Debug|Any CPU.Build.0 = Debug|Any CPU
		{D3E95BE1-B55B-4BBD-9103-E24BC4DE53A5}.Debug|x64.ActiveCfg = Debug|Any CPU
		{D3E95BE1-B55B-4BBD-9103-E24BC4DE53A5}.Debug|x64.Build.0 = Debug|Any CPU
		{D3E95BE1-B55B-4BBD-9103-E24BC4DE53A5}.Debug|x86.ActiveCfg = Debug|Any CPU
		{D3E95BE1-B55B-4BBD-9103-E24BC4DE53A5}.Debug|x86.Build.0 = Debug|Any CPU
		{D3E95BE1-B55B-4BBD-9103-E24BC4DE53A5}.Release|Any CPU.ActiveCfg = Release|Any CPU
		{D3E95BE1-B55B-4BBD-9103-E24BC4DE53A5}.Release|Any CPU.Build.0 = Release|Any CPU
		{D3E95BE1-B55B-4BBD-9103-E24BC4DE53A5}.Release|x64.ActiveCfg = Release|Any CPU
		{D3E95BE1-B55B-4BBD-9103-E24BC4DE53A5}.Release|x64.Build.0 = Release|Any CPU
		{D3E95BE1-B55B-4BBD-9103-E24BC4DE53A5}.Release|x86.ActiveCfg = Release|Any CPU
		{D3E95BE1-B55B-4BBD-9103-E24BC4DE53A5}.Release|x86.Build.0 = Release|Any CPU
		{DA3E9CCF-F679-45B1-9D13-F4679FA5A631}.Debug|Any CPU.ActiveCfg = Debug|Any CPU
		{DA3E9CCF-F679-45B1-9D13-F4679FA5A631}.Debug|Any CPU.Build.0 = Debug|Any CPU
		{DA3E9CCF-F679-45B1-9D13-F4679FA5A631}.Debug|x64.ActiveCfg = Debug|Any CPU
		{DA3E9CCF-F679-45B1-9D13-F4679FA5A631}.Debug|x64.Build.0 = Debug|Any CPU
		{DA3E9CCF-F679-45B1-9D13-F4679FA5A631}.Debug|x86.ActiveCfg = Debug|Any CPU
		{DA3E9CCF-F679-45B1-9D13-F4679FA5A631}.Debug|x86.Build.0 = Debug|Any CPU
		{DA3E9CCF-F679-45B1-9D13-F4679FA5A631}.Release|Any CPU.ActiveCfg = Release|Any CPU
		{DA3E9CCF-F679-45B1-9D13-F4679FA5A631}.Release|Any CPU.Build.0 = Release|Any CPU
		{DA3E9CCF-F679-45B1-9D13-F4679FA5A631}.Release|x64.ActiveCfg = Release|Any CPU
		{DA3E9CCF-F679-45B1-9D13-F4679FA5A631}.Release|x64.Build.0 = Release|Any CPU
		{DA3E9CCF-F679-45B1-9D13-F4679FA5A631}.Release|x86.ActiveCfg = Release|Any CPU
		{DA3E9CCF-F679-45B1-9D13-F4679FA5A631}.Release|x86.Build.0 = Release|Any CPU
		{8923E22D-B0CE-4880-BDF7-29F4245042EC}.Debug|Any CPU.ActiveCfg = Debug|Any CPU
		{8923E22D-B0CE-4880-BDF7-29F4245042EC}.Debug|Any CPU.Build.0 = Debug|Any CPU
		{8923E22D-B0CE-4880-BDF7-29F4245042EC}.Debug|x64.ActiveCfg = Debug|Any CPU
		{8923E22D-B0CE-4880-BDF7-29F4245042EC}.Debug|x64.Build.0 = Debug|Any CPU
		{8923E22D-B0CE-4880-BDF7-29F4245042EC}.Debug|x86.ActiveCfg = Debug|Any CPU
		{8923E22D-B0CE-4880-BDF7-29F4245042EC}.Debug|x86.Build.0 = Debug|Any CPU
		{8923E22D-B0CE-4880-BDF7-29F4245042EC}.Release|Any CPU.ActiveCfg = Release|Any CPU
		{8923E22D-B0CE-4880-BDF7-29F4245042EC}.Release|Any CPU.Build.0 = Release|Any CPU
		{8923E22D-B0CE-4880-BDF7-29F4245042EC}.Release|x64.ActiveCfg = Release|Any CPU
		{8923E22D-B0CE-4880-BDF7-29F4245042EC}.Release|x64.Build.0 = Release|Any CPU
		{8923E22D-B0CE-4880-BDF7-29F4245042EC}.Release|x86.ActiveCfg = Release|Any CPU
		{8923E22D-B0CE-4880-BDF7-29F4245042EC}.Release|x86.Build.0 = Release|Any CPU
		{B3770234-A344-4B02-9E07-7819EFCFA10F}.Debug|Any CPU.ActiveCfg = Debug|Any CPU
		{B3770234-A344-4B02-9E07-7819EFCFA10F}.Debug|Any CPU.Build.0 = Debug|Any CPU
		{B3770234-A344-4B02-9E07-7819EFCFA10F}.Debug|x64.ActiveCfg = Debug|Any CPU
		{B3770234-A344-4B02-9E07-7819EFCFA10F}.Debug|x64.Build.0 = Debug|Any CPU
		{B3770234-A344-4B02-9E07-7819EFCFA10F}.Debug|x86.ActiveCfg = Debug|Any CPU
		{B3770234-A344-4B02-9E07-7819EFCFA10F}.Debug|x86.Build.0 = Debug|Any CPU
		{B3770234-A344-4B02-9E07-7819EFCFA10F}.Release|Any CPU.ActiveCfg = Release|Any CPU
		{B3770234-A344-4B02-9E07-7819EFCFA10F}.Release|Any CPU.Build.0 = Release|Any CPU
		{B3770234-A344-4B02-9E07-7819EFCFA10F}.Release|x64.ActiveCfg = Release|Any CPU
		{B3770234-A344-4B02-9E07-7819EFCFA10F}.Release|x64.Build.0 = Release|Any CPU
		{B3770234-A344-4B02-9E07-7819EFCFA10F}.Release|x86.ActiveCfg = Release|Any CPU
		{B3770234-A344-4B02-9E07-7819EFCFA10F}.Release|x86.Build.0 = Release|Any CPU
		{4D76883C-AB0A-42A4-AD47-BD5BAD1C61E8}.Debug|Any CPU.ActiveCfg = Debug|Any CPU
		{4D76883C-AB0A-42A4-AD47-BD5BAD1C61E8}.Debug|Any CPU.Build.0 = Debug|Any CPU
		{4D76883C-AB0A-42A4-AD47-BD5BAD1C61E8}.Debug|x64.ActiveCfg = Debug|Any CPU
		{4D76883C-AB0A-42A4-AD47-BD5BAD1C61E8}.Debug|x64.Build.0 = Debug|Any CPU
		{4D76883C-AB0A-42A4-AD47-BD5BAD1C61E8}.Debug|x86.ActiveCfg = Debug|Any CPU
		{4D76883C-AB0A-42A4-AD47-BD5BAD1C61E8}.Debug|x86.Build.0 = Debug|Any CPU
		{4D76883C-AB0A-42A4-AD47-BD5BAD1C61E8}.Release|Any CPU.ActiveCfg = Release|Any CPU
		{4D76883C-AB0A-42A4-AD47-BD5BAD1C61E8}.Release|Any CPU.Build.0 = Release|Any CPU
		{4D76883C-AB0A-42A4-AD47-BD5BAD1C61E8}.Release|x64.ActiveCfg = Release|Any CPU
		{4D76883C-AB0A-42A4-AD47-BD5BAD1C61E8}.Release|x64.Build.0 = Release|Any CPU
		{4D76883C-AB0A-42A4-AD47-BD5BAD1C61E8}.Release|x86.ActiveCfg = Release|Any CPU
		{4D76883C-AB0A-42A4-AD47-BD5BAD1C61E8}.Release|x86.Build.0 = Release|Any CPU
		{857E7086-6B94-47F6-A26F-C17604E29A5A}.Debug|Any CPU.ActiveCfg = Debug|Any CPU
		{857E7086-6B94-47F6-A26F-C17604E29A5A}.Debug|Any CPU.Build.0 = Debug|Any CPU
		{857E7086-6B94-47F6-A26F-C17604E29A5A}.Debug|x64.ActiveCfg = Debug|Any CPU
		{857E7086-6B94-47F6-A26F-C17604E29A5A}.Debug|x64.Build.0 = Debug|Any CPU
		{857E7086-6B94-47F6-A26F-C17604E29A5A}.Debug|x86.ActiveCfg = Debug|Any CPU
		{857E7086-6B94-47F6-A26F-C17604E29A5A}.Debug|x86.Build.0 = Debug|Any CPU
		{857E7086-6B94-47F6-A26F-C17604E29A5A}.Release|Any CPU.ActiveCfg = Release|Any CPU
		{857E7086-6B94-47F6-A26F-C17604E29A5A}.Release|Any CPU.Build.0 = Release|Any CPU
		{857E7086-6B94-47F6-A26F-C17604E29A5A}.Release|x64.ActiveCfg = Release|Any CPU
		{857E7086-6B94-47F6-A26F-C17604E29A5A}.Release|x64.Build.0 = Release|Any CPU
		{857E7086-6B94-47F6-A26F-C17604E29A5A}.Release|x86.ActiveCfg = Release|Any CPU
		{857E7086-6B94-47F6-A26F-C17604E29A5A}.Release|x86.Build.0 = Release|Any CPU
		{FA1560FC-1274-457B-A874-91FC25307240}.Debug|Any CPU.ActiveCfg = Debug|Any CPU
		{FA1560FC-1274-457B-A874-91FC25307240}.Debug|Any CPU.Build.0 = Debug|Any CPU
		{FA1560FC-1274-457B-A874-91FC25307240}.Debug|x64.ActiveCfg = Debug|Any CPU
		{FA1560FC-1274-457B-A874-91FC25307240}.Debug|x64.Build.0 = Debug|Any CPU
		{FA1560FC-1274-457B-A874-91FC25307240}.Debug|x86.ActiveCfg = Debug|Any CPU
		{FA1560FC-1274-457B-A874-91FC25307240}.Debug|x86.Build.0 = Debug|Any CPU
		{FA1560FC-1274-457B-A874-91FC25307240}.Release|Any CPU.ActiveCfg = Release|Any CPU
		{FA1560FC-1274-457B-A874-91FC25307240}.Release|Any CPU.Build.0 = Release|Any CPU
		{FA1560FC-1274-457B-A874-91FC25307240}.Release|x64.ActiveCfg = Release|Any CPU
		{FA1560FC-1274-457B-A874-91FC25307240}.Release|x64.Build.0 = Release|Any CPU
		{FA1560FC-1274-457B-A874-91FC25307240}.Release|x86.ActiveCfg = Release|Any CPU
		{FA1560FC-1274-457B-A874-91FC25307240}.Release|x86.Build.0 = Release|Any CPU
		{C13695B4-2861-485C-82B8-722620F83B4B}.Debug|Any CPU.ActiveCfg = Debug|Any CPU
		{C13695B4-2861-485C-82B8-722620F83B4B}.Debug|Any CPU.Build.0 = Debug|Any CPU
		{C13695B4-2861-485C-82B8-722620F83B4B}.Debug|x64.ActiveCfg = Debug|Any CPU
		{C13695B4-2861-485C-82B8-722620F83B4B}.Debug|x64.Build.0 = Debug|Any CPU
		{C13695B4-2861-485C-82B8-722620F83B4B}.Debug|x86.ActiveCfg = Debug|Any CPU
		{C13695B4-2861-485C-82B8-722620F83B4B}.Debug|x86.Build.0 = Debug|Any CPU
		{C13695B4-2861-485C-82B8-722620F83B4B}.Release|Any CPU.ActiveCfg = Release|Any CPU
		{C13695B4-2861-485C-82B8-722620F83B4B}.Release|Any CPU.Build.0 = Release|Any CPU
		{C13695B4-2861-485C-82B8-722620F83B4B}.Release|x64.ActiveCfg = Release|Any CPU
		{C13695B4-2861-485C-82B8-722620F83B4B}.Release|x64.Build.0 = Release|Any CPU
		{C13695B4-2861-485C-82B8-722620F83B4B}.Release|x86.ActiveCfg = Release|Any CPU
		{C13695B4-2861-485C-82B8-722620F83B4B}.Release|x86.Build.0 = Release|Any CPU
		{73136654-FF0E-44E7-B12C-002000A47881}.Debug|Any CPU.ActiveCfg = Debug|Any CPU
		{73136654-FF0E-44E7-B12C-002000A47881}.Debug|Any CPU.Build.0 = Debug|Any CPU
		{73136654-FF0E-44E7-B12C-002000A47881}.Debug|x64.ActiveCfg = Debug|Any CPU
		{73136654-FF0E-44E7-B12C-002000A47881}.Debug|x64.Build.0 = Debug|Any CPU
		{73136654-FF0E-44E7-B12C-002000A47881}.Debug|x86.ActiveCfg = Debug|Any CPU
		{73136654-FF0E-44E7-B12C-002000A47881}.Debug|x86.Build.0 = Debug|Any CPU
		{73136654-FF0E-44E7-B12C-002000A47881}.Release|Any CPU.ActiveCfg = Release|Any CPU
		{73136654-FF0E-44E7-B12C-002000A47881}.Release|Any CPU.Build.0 = Release|Any CPU
		{73136654-FF0E-44E7-B12C-002000A47881}.Release|x64.ActiveCfg = Release|Any CPU
		{73136654-FF0E-44E7-B12C-002000A47881}.Release|x64.Build.0 = Release|Any CPU
		{73136654-FF0E-44E7-B12C-002000A47881}.Release|x86.ActiveCfg = Release|Any CPU
		{73136654-FF0E-44E7-B12C-002000A47881}.Release|x86.Build.0 = Release|Any CPU
		{B4C5288C-F1D2-4250-9F2E-4207A8405C21}.Debug|Any CPU.ActiveCfg = Debug|Any CPU
		{B4C5288C-F1D2-4250-9F2E-4207A8405C21}.Debug|Any CPU.Build.0 = Debug|Any CPU
		{B4C5288C-F1D2-4250-9F2E-4207A8405C21}.Debug|x64.ActiveCfg = Debug|Any CPU
		{B4C5288C-F1D2-4250-9F2E-4207A8405C21}.Debug|x64.Build.0 = Debug|Any CPU
		{B4C5288C-F1D2-4250-9F2E-4207A8405C21}.Debug|x86.ActiveCfg = Debug|Any CPU
		{B4C5288C-F1D2-4250-9F2E-4207A8405C21}.Debug|x86.Build.0 = Debug|Any CPU
		{B4C5288C-F1D2-4250-9F2E-4207A8405C21}.Release|Any CPU.ActiveCfg = Release|Any CPU
		{B4C5288C-F1D2-4250-9F2E-4207A8405C21}.Release|Any CPU.Build.0 = Release|Any CPU
		{B4C5288C-F1D2-4250-9F2E-4207A8405C21}.Release|x64.ActiveCfg = Release|Any CPU
		{B4C5288C-F1D2-4250-9F2E-4207A8405C21}.Release|x64.Build.0 = Release|Any CPU
		{B4C5288C-F1D2-4250-9F2E-4207A8405C21}.Release|x86.ActiveCfg = Release|Any CPU
		{B4C5288C-F1D2-4250-9F2E-4207A8405C21}.Release|x86.Build.0 = Release|Any CPU
		{589EA637-2B00-4B42-BA8F-67E920BDB95E}.Debug|Any CPU.ActiveCfg = Debug|Any CPU
		{589EA637-2B00-4B42-BA8F-67E920BDB95E}.Debug|Any CPU.Build.0 = Debug|Any CPU
		{589EA637-2B00-4B42-BA8F-67E920BDB95E}.Debug|x64.ActiveCfg = Debug|Any CPU
		{589EA637-2B00-4B42-BA8F-67E920BDB95E}.Debug|x64.Build.0 = Debug|Any CPU
		{589EA637-2B00-4B42-BA8F-67E920BDB95E}.Debug|x86.ActiveCfg = Debug|Any CPU
		{589EA637-2B00-4B42-BA8F-67E920BDB95E}.Debug|x86.Build.0 = Debug|Any CPU
		{589EA637-2B00-4B42-BA8F-67E920BDB95E}.Release|Any CPU.ActiveCfg = Release|Any CPU
		{589EA637-2B00-4B42-BA8F-67E920BDB95E}.Release|Any CPU.Build.0 = Release|Any CPU
		{589EA637-2B00-4B42-BA8F-67E920BDB95E}.Release|x64.ActiveCfg = Release|Any CPU
		{589EA637-2B00-4B42-BA8F-67E920BDB95E}.Release|x64.Build.0 = Release|Any CPU
		{589EA637-2B00-4B42-BA8F-67E920BDB95E}.Release|x86.ActiveCfg = Release|Any CPU
		{589EA637-2B00-4B42-BA8F-67E920BDB95E}.Release|x86.Build.0 = Release|Any CPU
		{DF2E2806-0EF2-4B1B-A3A4-B2A546949DD6}.Debug|Any CPU.ActiveCfg = Debug|Any CPU
		{DF2E2806-0EF2-4B1B-A3A4-B2A546949DD6}.Debug|Any CPU.Build.0 = Debug|Any CPU
		{DF2E2806-0EF2-4B1B-A3A4-B2A546949DD6}.Debug|x64.ActiveCfg = Debug|Any CPU
		{DF2E2806-0EF2-4B1B-A3A4-B2A546949DD6}.Debug|x64.Build.0 = Debug|Any CPU
		{DF2E2806-0EF2-4B1B-A3A4-B2A546949DD6}.Debug|x86.ActiveCfg = Debug|Any CPU
		{DF2E2806-0EF2-4B1B-A3A4-B2A546949DD6}.Debug|x86.Build.0 = Debug|Any CPU
		{DF2E2806-0EF2-4B1B-A3A4-B2A546949DD6}.Release|Any CPU.ActiveCfg = Release|Any CPU
		{DF2E2806-0EF2-4B1B-A3A4-B2A546949DD6}.Release|Any CPU.Build.0 = Release|Any CPU
		{DF2E2806-0EF2-4B1B-A3A4-B2A546949DD6}.Release|x64.ActiveCfg = Release|Any CPU
		{DF2E2806-0EF2-4B1B-A3A4-B2A546949DD6}.Release|x64.Build.0 = Release|Any CPU
		{DF2E2806-0EF2-4B1B-A3A4-B2A546949DD6}.Release|x86.ActiveCfg = Release|Any CPU
		{DF2E2806-0EF2-4B1B-A3A4-B2A546949DD6}.Release|x86.Build.0 = Release|Any CPU
		{3B21DDEF-3045-4E36-865C-0165088CAAF0}.Debug|Any CPU.ActiveCfg = Debug|Any CPU
		{3B21DDEF-3045-4E36-865C-0165088CAAF0}.Debug|Any CPU.Build.0 = Debug|Any CPU
		{3B21DDEF-3045-4E36-865C-0165088CAAF0}.Debug|x64.ActiveCfg = Debug|Any CPU
		{3B21DDEF-3045-4E36-865C-0165088CAAF0}.Debug|x64.Build.0 = Debug|Any CPU
		{3B21DDEF-3045-4E36-865C-0165088CAAF0}.Debug|x86.ActiveCfg = Debug|Any CPU
		{3B21DDEF-3045-4E36-865C-0165088CAAF0}.Debug|x86.Build.0 = Debug|Any CPU
		{3B21DDEF-3045-4E36-865C-0165088CAAF0}.Release|Any CPU.ActiveCfg = Release|Any CPU
		{3B21DDEF-3045-4E36-865C-0165088CAAF0}.Release|Any CPU.Build.0 = Release|Any CPU
		{3B21DDEF-3045-4E36-865C-0165088CAAF0}.Release|x64.ActiveCfg = Release|Any CPU
		{3B21DDEF-3045-4E36-865C-0165088CAAF0}.Release|x64.Build.0 = Release|Any CPU
		{3B21DDEF-3045-4E36-865C-0165088CAAF0}.Release|x86.ActiveCfg = Release|Any CPU
		{3B21DDEF-3045-4E36-865C-0165088CAAF0}.Release|x86.Build.0 = Release|Any CPU
		{2D7955C1-B69C-4017-B67F-8A0095ABE1DC}.Debug|Any CPU.ActiveCfg = Debug|Any CPU
		{2D7955C1-B69C-4017-B67F-8A0095ABE1DC}.Debug|Any CPU.Build.0 = Debug|Any CPU
		{2D7955C1-B69C-4017-B67F-8A0095ABE1DC}.Debug|x64.ActiveCfg = Debug|Any CPU
		{2D7955C1-B69C-4017-B67F-8A0095ABE1DC}.Debug|x64.Build.0 = Debug|Any CPU
		{2D7955C1-B69C-4017-B67F-8A0095ABE1DC}.Debug|x86.ActiveCfg = Debug|Any CPU
		{2D7955C1-B69C-4017-B67F-8A0095ABE1DC}.Debug|x86.Build.0 = Debug|Any CPU
		{2D7955C1-B69C-4017-B67F-8A0095ABE1DC}.Release|Any CPU.ActiveCfg = Release|Any CPU
		{2D7955C1-B69C-4017-B67F-8A0095ABE1DC}.Release|Any CPU.Build.0 = Release|Any CPU
		{2D7955C1-B69C-4017-B67F-8A0095ABE1DC}.Release|x64.ActiveCfg = Release|Any CPU
		{2D7955C1-B69C-4017-B67F-8A0095ABE1DC}.Release|x64.Build.0 = Release|Any CPU
		{2D7955C1-B69C-4017-B67F-8A0095ABE1DC}.Release|x86.ActiveCfg = Release|Any CPU
		{2D7955C1-B69C-4017-B67F-8A0095ABE1DC}.Release|x86.Build.0 = Release|Any CPU
		{FFF939FC-1685-4829-8ADC-4FD539169BDA}.Debug|Any CPU.ActiveCfg = Debug|Any CPU
		{FFF939FC-1685-4829-8ADC-4FD539169BDA}.Debug|Any CPU.Build.0 = Debug|Any CPU
		{FFF939FC-1685-4829-8ADC-4FD539169BDA}.Debug|x64.ActiveCfg = Debug|Any CPU
		{FFF939FC-1685-4829-8ADC-4FD539169BDA}.Debug|x64.Build.0 = Debug|Any CPU
		{FFF939FC-1685-4829-8ADC-4FD539169BDA}.Debug|x86.ActiveCfg = Debug|Any CPU
		{FFF939FC-1685-4829-8ADC-4FD539169BDA}.Debug|x86.Build.0 = Debug|Any CPU
		{FFF939FC-1685-4829-8ADC-4FD539169BDA}.Release|Any CPU.ActiveCfg = Release|Any CPU
		{FFF939FC-1685-4829-8ADC-4FD539169BDA}.Release|Any CPU.Build.0 = Release|Any CPU
		{FFF939FC-1685-4829-8ADC-4FD539169BDA}.Release|x64.ActiveCfg = Release|Any CPU
		{FFF939FC-1685-4829-8ADC-4FD539169BDA}.Release|x64.Build.0 = Release|Any CPU
		{FFF939FC-1685-4829-8ADC-4FD539169BDA}.Release|x86.ActiveCfg = Release|Any CPU
		{FFF939FC-1685-4829-8ADC-4FD539169BDA}.Release|x86.Build.0 = Release|Any CPU
		{875004A8-EE21-45C4-BDE3-480209C002A0}.Debug|Any CPU.ActiveCfg = Debug|Any CPU
		{875004A8-EE21-45C4-BDE3-480209C002A0}.Debug|Any CPU.Build.0 = Debug|Any CPU
		{875004A8-EE21-45C4-BDE3-480209C002A0}.Debug|x64.ActiveCfg = Debug|Any CPU
		{875004A8-EE21-45C4-BDE3-480209C002A0}.Debug|x64.Build.0 = Debug|Any CPU
		{875004A8-EE21-45C4-BDE3-480209C002A0}.Debug|x86.ActiveCfg = Debug|Any CPU
		{875004A8-EE21-45C4-BDE3-480209C002A0}.Debug|x86.Build.0 = Debug|Any CPU
		{875004A8-EE21-45C4-BDE3-480209C002A0}.Release|Any CPU.ActiveCfg = Release|Any CPU
		{875004A8-EE21-45C4-BDE3-480209C002A0}.Release|Any CPU.Build.0 = Release|Any CPU
		{875004A8-EE21-45C4-BDE3-480209C002A0}.Release|x64.ActiveCfg = Release|Any CPU
		{875004A8-EE21-45C4-BDE3-480209C002A0}.Release|x64.Build.0 = Release|Any CPU
		{875004A8-EE21-45C4-BDE3-480209C002A0}.Release|x86.ActiveCfg = Release|Any CPU
		{875004A8-EE21-45C4-BDE3-480209C002A0}.Release|x86.Build.0 = Release|Any CPU
		{27F82652-F8DA-48C8-A9CA-2B8BE3362BA5}.Debug|Any CPU.ActiveCfg = Debug|Any CPU
		{27F82652-F8DA-48C8-A9CA-2B8BE3362BA5}.Debug|Any CPU.Build.0 = Debug|Any CPU
		{27F82652-F8DA-48C8-A9CA-2B8BE3362BA5}.Debug|x64.ActiveCfg = Debug|Any CPU
		{27F82652-F8DA-48C8-A9CA-2B8BE3362BA5}.Debug|x64.Build.0 = Debug|Any CPU
		{27F82652-F8DA-48C8-A9CA-2B8BE3362BA5}.Debug|x86.ActiveCfg = Debug|Any CPU
		{27F82652-F8DA-48C8-A9CA-2B8BE3362BA5}.Debug|x86.Build.0 = Debug|Any CPU
		{27F82652-F8DA-48C8-A9CA-2B8BE3362BA5}.Release|Any CPU.ActiveCfg = Release|Any CPU
		{27F82652-F8DA-48C8-A9CA-2B8BE3362BA5}.Release|Any CPU.Build.0 = Release|Any CPU
		{27F82652-F8DA-48C8-A9CA-2B8BE3362BA5}.Release|x64.ActiveCfg = Release|Any CPU
		{27F82652-F8DA-48C8-A9CA-2B8BE3362BA5}.Release|x64.Build.0 = Release|Any CPU
		{27F82652-F8DA-48C8-A9CA-2B8BE3362BA5}.Release|x86.ActiveCfg = Release|Any CPU
		{27F82652-F8DA-48C8-A9CA-2B8BE3362BA5}.Release|x86.Build.0 = Release|Any CPU
	EndGlobalSection
	GlobalSection(SolutionProperties) = preSolution
		HideSolutionNode = FALSE
	EndGlobalSection
	GlobalSection(ExtensibilityGlobals) = postSolution
		SolutionGuid = {A3C9FB57-DBA5-42B6-8D88-9ECFF329213D}
	EndGlobalSection
EndGlobal
